// !$*UTF8*$!
{
	archiveVersion = 1;
	classes = {
	};
	objectVersion = 56;
	objects = {

/* Begin PBXBuildFile section */
		370563262A0168D000872AA4 /* ToolBar.swift in Sources */ = {isa = PBXBuildFile; fileRef = 370563252A0168D000872AA4 /* ToolBar.swift */; };
		37073FDE2A25FC2700691F9D /* TenKeyKeyboard.swift in Sources */ = {isa = PBXBuildFile; fileRef = 37073FDD2A25FC2700691F9D /* TenKeyKeyboard.swift */; };
		37073FE12A25FF1800691F9D /* TenKeySpaceKey.swift in Sources */ = {isa = PBXBuildFile; fileRef = 37073FE02A25FF1800691F9D /* TenKeySpaceKey.swift */; };
		37073FE52A26008F00691F9D /* TenKeySymbolsBar.swift in Sources */ = {isa = PBXBuildFile; fileRef = 37073FE42A26008F00691F9D /* TenKeySymbolsBar.swift */; };
		37073FE72A2601D600691F9D /* TenKeyInputKey.swift in Sources */ = {isa = PBXBuildFile; fileRef = 37073FE62A2601D600691F9D /* TenKeyInputKey.swift */; };
		37073FE92A26028800691F9D /* Combo.swift in Sources */ = {isa = PBXBuildFile; fileRef = 37073FE82A26028800691F9D /* Combo.swift */; };
		37073FEB2A26072C00691F9D /* TenKeyBackspaceKey.swift in Sources */ = {isa = PBXBuildFile; fileRef = 37073FEA2A26072C00691F9D /* TenKeyBackspaceKey.swift */; };
		37073FED2A26074B00691F9D /* TenKeyReturnKey.swift in Sources */ = {isa = PBXBuildFile; fileRef = 37073FEC2A26074B00691F9D /* TenKeyReturnKey.swift */; };
		37073FEF2A26097600691F9D /* TenKeySpecialKey.swift in Sources */ = {isa = PBXBuildFile; fileRef = 37073FEE2A26097600691F9D /* TenKeySpecialKey.swift */; };
		37073FF12A263EC600691F9D /* TenKeyNumberKey.swift in Sources */ = {isa = PBXBuildFile; fileRef = 37073FF02A263EC600691F9D /* TenKeyNumberKey.swift */; };
		37073FF32A2642BD00691F9D /* TenKeyNavigateKey.swift in Sources */ = {isa = PBXBuildFile; fileRef = 37073FF22A2642BD00691F9D /* TenKeyNavigateKey.swift */; };
		37073FF52A2642EA00691F9D /* TenKeyNumericKeyboard.swift in Sources */ = {isa = PBXBuildFile; fileRef = 37073FF42A2642EA00691F9D /* TenKeyNumericKeyboard.swift */; };
		370AF8892A07742F00A92562 /* SettingsViewIOS15.swift in Sources */ = {isa = PBXBuildFile; fileRef = 370AF8882A07742F00A92562 /* SettingsViewIOS15.swift */; };
		370D43902A10EA4100EB48B8 /* HiddenKey.swift in Sources */ = {isa = PBXBuildFile; fileRef = 370D438F2A10EA4100EB48B8 /* HiddenKey.swift */; };
		370DF32F2A36B43D00AE655B /* SaamPingKeyboard.swift in Sources */ = {isa = PBXBuildFile; fileRef = 370DF32E2A36B43D00AE655B /* SaamPingKeyboard.swift */; };
		370DF3312A36B6EA00AE655B /* LetterInputKey.swift in Sources */ = {isa = PBXBuildFile; fileRef = 370DF3302A36B6EA00AE655B /* LetterInputKey.swift */; };
		370DF3332A36BB0B00AE655B /* DualLettersInputKey.swift in Sources */ = {isa = PBXBuildFile; fileRef = 370DF3322A36BB0B00AE655B /* DualLettersInputKey.swift */; };
		370DF3352A370C9A00AE655B /* SymbolInputKey.swift in Sources */ = {isa = PBXBuildFile; fileRef = 370DF3342A370C9A00AE655B /* SymbolInputKey.swift */; };
		371A13A12A49F294001695C1 /* RomanizationLabel.swift in Sources */ = {isa = PBXBuildFile; fileRef = 371A13A02A49F294001695C1 /* RomanizationLabel.swift */; };
		373104D52A0A3D780009BF66 /* EditingPanel.swift in Sources */ = {isa = PBXBuildFile; fileRef = 373104D42A0A3D780009BF66 /* EditingPanel.swift */; };
		374357742A93243F00466697 /* PadCantoneseNumericKeyboard.swift in Sources */ = {isa = PBXBuildFile; fileRef = 374357732A93243F00466697 /* PadCantoneseNumericKeyboard.swift */; };
		374357762A934A6200466697 /* PadSymbolicKeyboard.swift in Sources */ = {isa = PBXBuildFile; fileRef = 374357752A934A6200466697 /* PadSymbolicKeyboard.swift */; };
		374357782A934D9200466697 /* PadCantoneseSymblicKeyboard.swift in Sources */ = {isa = PBXBuildFile; fileRef = 374357772A934D9200466697 /* PadCantoneseSymblicKeyboard.swift */; };
		3743577A2A94496B00466697 /* PadCangjieKeyboard.swift in Sources */ = {isa = PBXBuildFile; fileRef = 374357792A94496B00466697 /* PadCangjieKeyboard.swift */; };
		3743577C2A94499500466697 /* PadCangjieInputKey.swift in Sources */ = {isa = PBXBuildFile; fileRef = 3743577B2A94499500466697 /* PadCangjieInputKey.swift */; };
		3743577E2A944C5200466697 /* PadStrokeInputKey.swift in Sources */ = {isa = PBXBuildFile; fileRef = 3743577D2A944C5200466697 /* PadStrokeInputKey.swift */; };
		374357802A944CF200466697 /* PadStrokeKeyboard.swift in Sources */ = {isa = PBXBuildFile; fileRef = 3743577F2A944CF200466697 /* PadStrokeKeyboard.swift */; };
		374357822A944FCC00466697 /* PadSaamPingKeyboard.swift in Sources */ = {isa = PBXBuildFile; fileRef = 374357812A944FCC00466697 /* PadSaamPingKeyboard.swift */; };
		3753F4FF2A968D3100300CE5 /* LargePadCantoneseKeyboard.swift in Sources */ = {isa = PBXBuildFile; fileRef = 3753F4FE2A968D3100300CE5 /* LargePadCantoneseKeyboard.swift */; };
		3753F5012A96D71400300CE5 /* CapsLockKey.swift in Sources */ = {isa = PBXBuildFile; fileRef = 3753F5002A96D71400300CE5 /* CapsLockKey.swift */; };
		3753F5032A96DEC100300CE5 /* TabKey.swift in Sources */ = {isa = PBXBuildFile; fileRef = 3753F5022A96DEC100300CE5 /* TabKey.swift */; };
		3753F5062A96E10300300CE5 /* LargePadBackspaceKey.swift in Sources */ = {isa = PBXBuildFile; fileRef = 3753F5052A96E10300300CE5 /* LargePadBackspaceKey.swift */; };
		3753F5082A96E4F700300CE5 /* LargePadReturnKey.swift in Sources */ = {isa = PBXBuildFile; fileRef = 3753F5072A96E4F700300CE5 /* LargePadReturnKey.swift */; };
		3753F50A2A96F02C00300CE5 /* LargePadShiftKey.swift in Sources */ = {isa = PBXBuildFile; fileRef = 3753F5092A96F02C00300CE5 /* LargePadShiftKey.swift */; };
		3753F50C2A96FC8600300CE5 /* LargePadGlobeKey.swift in Sources */ = {isa = PBXBuildFile; fileRef = 3753F50B2A96FC8600300CE5 /* LargePadGlobeKey.swift */; };
		3753F50E2A96FD1F00300CE5 /* LargePadDismissKey.swift in Sources */ = {isa = PBXBuildFile; fileRef = 3753F50D2A96FD1F00300CE5 /* LargePadDismissKey.swift */; };
		3753F5102A96FDB700300CE5 /* LargePadTransformKey.swift in Sources */ = {isa = PBXBuildFile; fileRef = 3753F50F2A96FDB700300CE5 /* LargePadTransformKey.swift */; };
		3753F5122A97B05700300CE5 /* LargePadLetterInputKey.swift in Sources */ = {isa = PBXBuildFile; fileRef = 3753F5112A97B05700300CE5 /* LargePadLetterInputKey.swift */; };
		3753F5142A97B42700300CE5 /* LargePadUpperLowerInputKey.swift in Sources */ = {isa = PBXBuildFile; fileRef = 3753F5132A97B42700300CE5 /* LargePadUpperLowerInputKey.swift */; };
		3753F5162A97EC8B00300CE5 /* LargePadExpansibleInputKey.swift in Sources */ = {isa = PBXBuildFile; fileRef = 3753F5152A97EC8B00300CE5 /* LargePadExpansibleInputKey.swift */; };
		3754F1962A71031400A2692A /* TransformKey.swift in Sources */ = {isa = PBXBuildFile; fileRef = 3754F1952A71031400A2692A /* TransformKey.swift */; };
		37611CF32A27416800F3E6F9 /* KeyboardForm.swift in Sources */ = {isa = PBXBuildFile; fileRef = 37611CF22A27416800F3E6F9 /* KeyboardForm.swift */; };
		3768B4912A00C2A10049D7C1 /* KeyboardViewController.swift in Sources */ = {isa = PBXBuildFile; fileRef = 3768B4902A00C2A10049D7C1 /* KeyboardViewController.swift */; };
		3768B4952A00C2A10049D7C1 /* Keyboard.appex in Embed Foundation Extensions */ = {isa = PBXBuildFile; fileRef = 3768B48E2A00C2A10049D7C1 /* Keyboard.appex */; settings = {ATTRIBUTES = (RemoveHeadersOnCopy, ); }; };
		3768B49A2A00C8510049D7C1 /* KeyboardInterface.swift in Sources */ = {isa = PBXBuildFile; fileRef = 3768B4992A00C8510049D7C1 /* KeyboardInterface.swift */; };
		3768B49E2A00CA620049D7C1 /* KeyboardLayout.swift in Sources */ = {isa = PBXBuildFile; fileRef = 3768B49D2A00CA620049D7C1 /* KeyboardLayout.swift */; };
		3768B4A22A00CE510049D7C1 /* HapticFeedback.swift in Sources */ = {isa = PBXBuildFile; fileRef = 3768B4A12A00CE510049D7C1 /* HapticFeedback.swift */; };
		3768B4A42A00CE9B0049D7C1 /* AudioFeedback.swift in Sources */ = {isa = PBXBuildFile; fileRef = 3768B4A32A00CE9B0049D7C1 /* AudioFeedback.swift */; };
		3768B4A72A00E9760049D7C1 /* MotherBoard.swift in Sources */ = {isa = PBXBuildFile; fileRef = 3768B4A62A00E9760049D7C1 /* MotherBoard.swift */; };
		3773115B2A9AA5E10083B8A8 /* PadUpperLowerInputKey.swift in Sources */ = {isa = PBXBuildFile; fileRef = 3773115A2A9AA5E10083B8A8 /* PadUpperLowerInputKey.swift */; };
		3773115D2A9AE63E0083B8A8 /* PadCantoneseKeyboard.swift in Sources */ = {isa = PBXBuildFile; fileRef = 3773115C2A9AE63E0083B8A8 /* PadCantoneseKeyboard.swift */; };
		3773115F2A9AE6800083B8A8 /* PadABCKeyboard.swift in Sources */ = {isa = PBXBuildFile; fileRef = 3773115E2A9AE6800083B8A8 /* PadABCKeyboard.swift */; };
		377311612A9AEF100083B8A8 /* PadPullableInputKey.swift in Sources */ = {isa = PBXBuildFile; fileRef = 377311602A9AEF100083B8A8 /* PadPullableInputKey.swift */; };
		377311632A9C21680083B8A8 /* PadCompleteInputKey.swift in Sources */ = {isa = PBXBuildFile; fileRef = 377311622A9C21680083B8A8 /* PadCompleteInputKey.swift */; };
		37877D502A2B119300630F77 /* NumberPad.swift in Sources */ = {isa = PBXBuildFile; fileRef = 37877D4F2A2B119300630F77 /* NumberPad.swift */; };
		3792615E2A39ADFB00DBB9F0 /* CantoneseNumericKeyboard.swift in Sources */ = {isa = PBXBuildFile; fileRef = 3792615D2A39ADFB00DBB9F0 /* CantoneseNumericKeyboard.swift */; };
		379261602A39AF8600DBB9F0 /* CantoneseSymbolicKeyboard.swift in Sources */ = {isa = PBXBuildFile; fileRef = 3792615F2A39AF8600DBB9F0 /* CantoneseSymbolicKeyboard.swift */; };
		37993A632A0EA2C700BC8E35 /* ReturnKey.swift in Sources */ = {isa = PBXBuildFile; fileRef = 37993A622A0EA2C700BC8E35 /* ReturnKey.swift */; };
		37993A652A0EA2DD00BC8E35 /* SpaceKey.swift in Sources */ = {isa = PBXBuildFile; fileRef = 37993A642A0EA2DD00BC8E35 /* SpaceKey.swift */; };
		37993A672A0EA31D00BC8E35 /* BackspaceKey.swift in Sources */ = {isa = PBXBuildFile; fileRef = 37993A662A0EA31D00BC8E35 /* BackspaceKey.swift */; };
		37993A692A0EA33600BC8E35 /* ShiftKey.swift in Sources */ = {isa = PBXBuildFile; fileRef = 37993A682A0EA33600BC8E35 /* ShiftKey.swift */; };
		37A52D5C2AA0C6D400946E2D /* PadRightKey.swift in Sources */ = {isa = PBXBuildFile; fileRef = 37A52D5B2AA0C6D400946E2D /* PadRightKey.swift */; };
		37A52D5E2AA0C91400946E2D /* LargePadRightKey.swift in Sources */ = {isa = PBXBuildFile; fileRef = 37A52D5D2AA0C91400946E2D /* LargePadRightKey.swift */; };
		37A7EB542A91A0DE00B7CDAF /* PadLetterInputKey.swift in Sources */ = {isa = PBXBuildFile; fileRef = 37A7EB532A91A0DE00B7CDAF /* PadLetterInputKey.swift */; };
		37A7EB582A91A44A00B7CDAF /* PadDismissKey.swift in Sources */ = {isa = PBXBuildFile; fileRef = 37A7EB572A91A44A00B7CDAF /* PadDismissKey.swift */; };
		37A7EB5A2A91A7AD00B7CDAF /* PadBackspaceKey.swift in Sources */ = {isa = PBXBuildFile; fileRef = 37A7EB592A91A7AD00B7CDAF /* PadBackspaceKey.swift */; };
		37A7EB5C2A91A97000B7CDAF /* PadReturnKey.swift in Sources */ = {isa = PBXBuildFile; fileRef = 37A7EB5B2A91A97000B7CDAF /* PadReturnKey.swift */; };
		37A7EB5E2A91AA4900B7CDAF /* PadShiftKey.swift in Sources */ = {isa = PBXBuildFile; fileRef = 37A7EB5D2A91AA4900B7CDAF /* PadShiftKey.swift */; };
		37A7EB602A91AE6400B7CDAF /* PadGlobeKey.swift in Sources */ = {isa = PBXBuildFile; fileRef = 37A7EB5F2A91AE6400B7CDAF /* PadGlobeKey.swift */; };
		37A7EB622A91AEF700B7CDAF /* PadSpaceKey.swift in Sources */ = {isa = PBXBuildFile; fileRef = 37A7EB612A91AEF700B7CDAF /* PadSpaceKey.swift */; };
		37A7EB642A91B4B600B7CDAF /* PadTransformKey.swift in Sources */ = {isa = PBXBuildFile; fileRef = 37A7EB632A91B4B600B7CDAF /* PadTransformKey.swift */; };
		37A7EB662A927D4700B7CDAF /* PadKeyExpansionPath.swift in Sources */ = {isa = PBXBuildFile; fileRef = 37A7EB652A927D4700B7CDAF /* PadKeyExpansionPath.swift */; };
		37A7EB682A92835C00B7CDAF /* PadExpansibleInputKey.swift in Sources */ = {isa = PBXBuildFile; fileRef = 37A7EB672A92835C00B7CDAF /* PadExpansibleInputKey.swift */; };
		37A7EB6A2A92B44E00B7CDAF /* PadNumericKeyboard.swift in Sources */ = {isa = PBXBuildFile; fileRef = 37A7EB692A92B44E00B7CDAF /* PadNumericKeyboard.swift */; };
		37A7EB6C2A92B4E800B7CDAF /* PadSymbolInputKey.swift in Sources */ = {isa = PBXBuildFile; fileRef = 37A7EB6B2A92B4E800B7CDAF /* PadSymbolInputKey.swift */; };
		37A9ECF72A1E93E100F63732 /* EmojiBoard.swift in Sources */ = {isa = PBXBuildFile; fileRef = 37A9ECF62A1E93E100F63732 /* EmojiBoard.swift */; };
		37B1765E2A049B6800A4E531 /* AlphabeticKeyboard.swift in Sources */ = {isa = PBXBuildFile; fileRef = 37B1765D2A049B6800A4E531 /* AlphabeticKeyboard.swift */; };
		37B176682A050B1100A4E531 /* KeyboardCase.swift in Sources */ = {isa = PBXBuildFile; fileRef = 37B176672A050B1100A4E531 /* KeyboardCase.swift */; };
		37B1766C2A05465000A4E531 /* InputStage.swift in Sources */ = {isa = PBXBuildFile; fileRef = 37B1766B2A05465000A4E531 /* InputStage.swift */; };
		37B486D72A7D23B000B175B6 /* GlobeKey.swift in Sources */ = {isa = PBXBuildFile; fileRef = 37B486D62A7D23B000B175B6 /* GlobeKey.swift */; };
		37B738832A98307B006C9AA0 /* LargePadABCKeyboard.swift in Sources */ = {isa = PBXBuildFile; fileRef = 37B738822A98307B006C9AA0 /* LargePadABCKeyboard.swift */; };
		37B7B4122A05F22800B3AB08 /* Operation.swift in Sources */ = {isa = PBXBuildFile; fileRef = 37B7B4112A05F22800B3AB08 /* Operation.swift */; };
		37B7B4142A05F31200B3AB08 /* StringExtensions.swift in Sources */ = {isa = PBXBuildFile; fileRef = 37B7B4132A05F31200B3AB08 /* StringExtensions.swift */; };
		37B7B4162A05F39500B3AB08 /* CharacterExtensions.swift in Sources */ = {isa = PBXBuildFile; fileRef = 37B7B4152A05F39500B3AB08 /* CharacterExtensions.swift */; };
		37B7B4182A06178400B3AB08 /* CandidateScrollBar.swift in Sources */ = {isa = PBXBuildFile; fileRef = 37B7B4172A06178400B3AB08 /* CandidateScrollBar.swift */; };
		37B7B41A2A0646E100B3AB08 /* CandidateBoard.swift in Sources */ = {isa = PBXBuildFile; fileRef = 37B7B4192A0646E100B3AB08 /* CandidateBoard.swift */; };
		37BAED4B2A0C94A00069F6F3 /* UIReturnKeyTypeExtensions.swift in Sources */ = {isa = PBXBuildFile; fileRef = 37BAED4A2A0C94A00069F6F3 /* UIReturnKeyTypeExtensions.swift */; };
		37BAED4D2A0D07920069F6F3 /* DispatchQueueExtensions.swift in Sources */ = {isa = PBXBuildFile; fileRef = 37BAED4C2A0D07920069F6F3 /* DispatchQueueExtensions.swift */; };
		37BAED512A0D10FA0069F6F3 /* FontExtensions.swift in Sources */ = {isa = PBXBuildFile; fileRef = 37BAED502A0D10FA0069F6F3 /* FontExtensions.swift */; };
		37C8494E2A7505E500C806B5 /* ScrollViewGestureButton.swift in Sources */ = {isa = PBXBuildFile; fileRef = 37C8494D2A7505E500C806B5 /* ScrollViewGestureButton.swift */; };
		37C849502A750A9000C806B5 /* ScrollViewButton.swift in Sources */ = {isa = PBXBuildFile; fileRef = 37C8494F2A750A9000C806B5 /* ScrollViewButton.swift */; };
		37C849522A75EF7E00C806B5 /* UserLexicon.swift in Sources */ = {isa = PBXBuildFile; fileRef = 37C849512A75EF7E00C806B5 /* UserLexicon.swift */; };
		37CBD68D2A42E053003F7B68 /* CangjieInputKey.swift in Sources */ = {isa = PBXBuildFile; fileRef = 37CBD68C2A42E053003F7B68 /* CangjieInputKey.swift */; };
		37CBD68F2A42E46A003F7B68 /* CangjieKeyboard.swift in Sources */ = {isa = PBXBuildFile; fileRef = 37CBD68E2A42E46A003F7B68 /* CangjieKeyboard.swift */; };
		37CBD6912A42EB34003F7B68 /* StrokeInputKey.swift in Sources */ = {isa = PBXBuildFile; fileRef = 37CBD6902A42EB34003F7B68 /* StrokeInputKey.swift */; };
		37CBD6932A42EE21003F7B68 /* StrokeKeyboard.swift in Sources */ = {isa = PBXBuildFile; fileRef = 37CBD6922A42EE21003F7B68 /* StrokeKeyboard.swift */; };
		37D7BD16294CAADB006A6ADD /* JyutpingApp.swift in Sources */ = {isa = PBXBuildFile; fileRef = 37D7BD15294CAADB006A6ADD /* JyutpingApp.swift */; };
		37D7BD1A294CAADC006A6ADD /* Assets.xcassets in Resources */ = {isa = PBXBuildFile; fileRef = 37D7BD19294CAADC006A6ADD /* Assets.xcassets */; };
		37D7BD1E294CAADC006A6ADD /* Preview Assets.xcassets in Resources */ = {isa = PBXBuildFile; fileRef = 37D7BD1D294CAADC006A6ADD /* Preview Assets.xcassets */; };
		37D7BD46294CB032006A6ADD /* InfoPlist.strings in Resources */ = {isa = PBXBuildFile; fileRef = 37D7BD48294CB032006A6ADD /* InfoPlist.strings */; };
		37D7BD50294CB04F006A6ADD /* Localizable.strings in Resources */ = {isa = PBXBuildFile; fileRef = 37D7BD52294CB04F006A6ADD /* Localizable.strings */; };
		37D7BD5F294CB1EE006A6ADD /* Device.swift in Sources */ = {isa = PBXBuildFile; fileRef = 37D7BD5E294CB1EE006A6ADD /* Device.swift */; };
		37D7BD66294CB212006A6ADD /* ColorExtensions.swift in Sources */ = {isa = PBXBuildFile; fileRef = 37D7BD61294CB212006A6ADD /* ColorExtensions.swift */; };
		37D7BD67294CB212006A6ADD /* FontExtensions.swift in Sources */ = {isa = PBXBuildFile; fileRef = 37D7BD62294CB212006A6ADD /* FontExtensions.swift */; };
		37D7BD68294CB212006A6ADD /* ViewExtensions.swift in Sources */ = {isa = PBXBuildFile; fileRef = 37D7BD63294CB212006A6ADD /* ViewExtensions.swift */; };
		37D7BD69294CB212006A6ADD /* ImageExtensions.swift in Sources */ = {isa = PBXBuildFile; fileRef = 37D7BD64294CB212006A6ADD /* ImageExtensions.swift */; };
		37D7BD6A294CB212006A6ADD /* TextExtensions.swift in Sources */ = {isa = PBXBuildFile; fileRef = 37D7BD65294CB212006A6ADD /* TextExtensions.swift */; };
		37D7BD6D294CB323006A6ADD /* UIDevice+modelName.swift in Sources */ = {isa = PBXBuildFile; fileRef = 37D7BD6C294CB323006A6ADD /* UIDevice+modelName.swift */; };
		37D7BD71294CB3A2006A6ADD /* ShareSheetView.swift in Sources */ = {isa = PBXBuildFile; fileRef = 37D7BD6F294CB3A2006A6ADD /* ShareSheetView.swift */; };
		37D7BD84294CB500006A6ADD /* AppMaster.swift in Sources */ = {isa = PBXBuildFile; fileRef = 37D7BD83294CB500006A6ADD /* AppMaster.swift */; };
		37D7BDAF294CB9F3006A6ADD /* IOSContentView.swift in Sources */ = {isa = PBXBuildFile; fileRef = 37D7BDA0294CB9F3006A6ADD /* IOSContentView.swift */; };
		37D7BDB7294CB9F3006A6ADD /* HomeView.swift in Sources */ = {isa = PBXBuildFile; fileRef = 37D7BDAB294CB9F3006A6ADD /* HomeView.swift */; };
		37D7BDC0294CC9DA006A6ADD /* Materials in Frameworks */ = {isa = PBXBuildFile; productRef = 37D7BDBF294CC9DA006A6ADD /* Materials */; };
		37D7BDC3294CCAD8006A6ADD /* CommonExtensions in Frameworks */ = {isa = PBXBuildFile; productRef = 37D7BDC2294CCAD8006A6ADD /* CommonExtensions */; };
		37DE32882A0216B90066D03A /* ColorExtensions.swift in Sources */ = {isa = PBXBuildFile; fileRef = 37DE32872A0216B90066D03A /* ColorExtensions.swift */; };
		37DE328A2A02187B0066D03A /* ToolBarItem.swift in Sources */ = {isa = PBXBuildFile; fileRef = 37DE32892A02187B0066D03A /* ToolBarItem.swift */; };
		37DE328C2A0218960066D03A /* CantoneseABCSwitch.swift in Sources */ = {isa = PBXBuildFile; fileRef = 37DE328B2A0218960066D03A /* CantoneseABCSwitch.swift */; };
		37DE32902A021C450066D03A /* Constant.swift in Sources */ = {isa = PBXBuildFile; fileRef = 37DE328F2A021C450066D03A /* Constant.swift */; };
		37DE32922A021E780066D03A /* Options.swift in Sources */ = {isa = PBXBuildFile; fileRef = 37DE32912A021E780066D03A /* Options.swift */; };
		37DE32942A022DF80066D03A /* CoreIME in Frameworks */ = {isa = PBXBuildFile; productRef = 37DE32932A022DF80066D03A /* CoreIME */; };
		37DE32962A022DFC0066D03A /* CommonExtensions in Frameworks */ = {isa = PBXBuildFile; productRef = 37DE32952A022DFC0066D03A /* CommonExtensions */; };
		37DE32982A024D400066D03A /* Images.xcassets in Resources */ = {isa = PBXBuildFile; fileRef = 37DE32972A024D400066D03A /* Images.xcassets */; };
		37DE329A2A02613B0066D03A /* SettingsView.swift in Sources */ = {isa = PBXBuildFile; fileRef = 37DE32992A02613B0066D03A /* SettingsView.swift */; };
		37DE329C2A0286D70066D03A /* ImageExtensions.swift in Sources */ = {isa = PBXBuildFile; fileRef = 37DE329B2A0286D70066D03A /* ImageExtensions.swift */; };
		37DE32B42A028A3D0066D03A /* InfoPlist.strings in Resources */ = {isa = PBXBuildFile; fileRef = 37DE329E2A028A3D0066D03A /* InfoPlist.strings */; };
		37DE32B52A028A3D0066D03A /* Localizable.strings in Resources */ = {isa = PBXBuildFile; fileRef = 37DE32A02A028A3D0066D03A /* Localizable.strings */; };
		37DE5B962A8B60D20084C45B /* KeyModel.swift in Sources */ = {isa = PBXBuildFile; fileRef = 37DE5B952A8B60D20084C45B /* KeyModel.swift */; };
		37DE5B982A8C9C370084C45B /* KeyExpansionPath.swift in Sources */ = {isa = PBXBuildFile; fileRef = 37DE5B972A8C9C370084C45B /* KeyExpansionPath.swift */; };
		37E004212A16331600442290 /* SymbolicKeyboard.swift in Sources */ = {isa = PBXBuildFile; fileRef = 37E004202A16331600442290 /* SymbolicKeyboard.swift */; };
		37E47FC72A29AD1E00EC11C6 /* TenKeySidebar.swift in Sources */ = {isa = PBXBuildFile; fileRef = 37E47FC62A29AD1E00EC11C6 /* TenKeySidebar.swift */; };
		37E772082A813188004D0467 /* EmojiMaster.swift in Sources */ = {isa = PBXBuildFile; fileRef = 37E772072A813188004D0467 /* EmojiMaster.swift */; };
		37E7720A2A8131F4004D0467 /* EmojiIndicator.swift in Sources */ = {isa = PBXBuildFile; fileRef = 37E772092A8131F4004D0467 /* EmojiIndicator.swift */; };
		37E924692A86E793002D33B9 /* KeyRightExpansionPath.swift in Sources */ = {isa = PBXBuildFile; fileRef = 37E924682A86E793002D33B9 /* KeyRightExpansionPath.swift */; };
		37E9246C2A86E7F7002D33B9 /* KeyPreviewPath.swift in Sources */ = {isa = PBXBuildFile; fileRef = 37E9246B2A86E7F7002D33B9 /* KeyPreviewPath.swift */; };
		37E9246E2A871220002D33B9 /* LeftKey.swift in Sources */ = {isa = PBXBuildFile; fileRef = 37E9246D2A871220002D33B9 /* LeftKey.swift */; };
		37E924702A880F31002D33B9 /* KeyLeftExpansionPath.swift in Sources */ = {isa = PBXBuildFile; fileRef = 37E9246F2A880F31002D33B9 /* KeyLeftExpansionPath.swift */; };
		37E924722A88148D002D33B9 /* RightKey.swift in Sources */ = {isa = PBXBuildFile; fileRef = 37E924712A88148D002D33B9 /* RightKey.swift */; };
		37E924742A89383D002D33B9 /* ExpansibleInputKey.swift in Sources */ = {isa = PBXBuildFile; fileRef = 37E924732A89383D002D33B9 /* ExpansibleInputKey.swift */; };
		37EA2897295158CB00B40CE4 /* Settings.bundle in Resources */ = {isa = PBXBuildFile; fileRef = 37EA2896295158CB00B40CE4 /* Settings.bundle */; };
		37F72E772A14EF7B0013AC85 /* NumericKeyboard.swift in Sources */ = {isa = PBXBuildFile; fileRef = 37F72E762A14EF7B0013AC85 /* NumericKeyboard.swift */; };
		37F72E802A1531DF0013AC85 /* InputMethodMode.swift in Sources */ = {isa = PBXBuildFile; fileRef = 37F72E7F2A1531DF0013AC85 /* InputMethodMode.swift */; };
		37F85CF02A9851950009C2C8 /* LargePadNumericKeyboard.swift in Sources */ = {isa = PBXBuildFile; fileRef = 37F85CEF2A9851950009C2C8 /* LargePadNumericKeyboard.swift */; };
		37F85CF22A9856990009C2C8 /* LargePadInstantInputKey.swift in Sources */ = {isa = PBXBuildFile; fileRef = 37F85CF12A9856990009C2C8 /* LargePadInstantInputKey.swift */; };
		37F85CF42A98849C0009C2C8 /* LargePadCantoneseNumericKeyboard.swift in Sources */ = {isa = PBXBuildFile; fileRef = 37F85CF32A98849C0009C2C8 /* LargePadCantoneseNumericKeyboard.swift */; };
		37F85CF62A992DA50009C2C8 /* LargePadSaamPingKeyboard.swift in Sources */ = {isa = PBXBuildFile; fileRef = 37F85CF52A992DA50009C2C8 /* LargePadSaamPingKeyboard.swift */; };
		37F85CF82A99AED00009C2C8 /* LargePadCangjieInputKey.swift in Sources */ = {isa = PBXBuildFile; fileRef = 37F85CF72A99AED00009C2C8 /* LargePadCangjieInputKey.swift */; };
		37F85CFA2A99AFAC0009C2C8 /* LargePadCangjieKeyboard.swift in Sources */ = {isa = PBXBuildFile; fileRef = 37F85CF92A99AFAC0009C2C8 /* LargePadCangjieKeyboard.swift */; };
		37F85CFC2A99B1A90009C2C8 /* LargePadStrokeInputKey.swift in Sources */ = {isa = PBXBuildFile; fileRef = 37F85CFB2A99B1A90009C2C8 /* LargePadStrokeInputKey.swift */; };
		37F85CFE2A99B21F0009C2C8 /* LargePadStrokeKeyboard.swift in Sources */ = {isa = PBXBuildFile; fileRef = 37F85CFD2A99B21F0009C2C8 /* LargePadStrokeKeyboard.swift */; };
		660A58632B04CBA800855086 /* fonts in Resources */ = {isa = PBXBuildFile; fileRef = 660A58622B04CBA700855086 /* fonts */; };
/* End PBXBuildFile section */

/* Begin PBXContainerItemProxy section */
		3768B4932A00C2A10049D7C1 /* PBXContainerItemProxy */ = {
			isa = PBXContainerItemProxy;
			containerPortal = 37D7BD0A294CAADB006A6ADD /* Project object */;
			proxyType = 1;
			remoteGlobalIDString = 3768B48D2A00C2A10049D7C1;
			remoteInfo = Keyboard;
		};
/* End PBXContainerItemProxy section */

/* Begin PBXCopyFilesBuildPhase section */
		37FC1ADA294DF40900D7153F /* Embed Foundation Extensions */ = {
			isa = PBXCopyFilesBuildPhase;
			buildActionMask = 2147483647;
			dstPath = "";
			dstSubfolderSpec = 13;
			files = (
				3768B4952A00C2A10049D7C1 /* Keyboard.appex in Embed Foundation Extensions */,
			);
			name = "Embed Foundation Extensions";
			runOnlyForDeploymentPostprocessing = 0;
		};
/* End PBXCopyFilesBuildPhase section */

/* Begin PBXFileReference section */
		370563252A0168D000872AA4 /* ToolBar.swift */ = {isa = PBXFileReference; lastKnownFileType = sourcecode.swift; path = ToolBar.swift; sourceTree = "<group>"; };
		37073FDD2A25FC2700691F9D /* TenKeyKeyboard.swift */ = {isa = PBXFileReference; lastKnownFileType = sourcecode.swift; path = TenKeyKeyboard.swift; sourceTree = "<group>"; };
		37073FE02A25FF1800691F9D /* TenKeySpaceKey.swift */ = {isa = PBXFileReference; lastKnownFileType = sourcecode.swift; path = TenKeySpaceKey.swift; sourceTree = "<group>"; };
		37073FE42A26008F00691F9D /* TenKeySymbolsBar.swift */ = {isa = PBXFileReference; lastKnownFileType = sourcecode.swift; path = TenKeySymbolsBar.swift; sourceTree = "<group>"; };
		37073FE62A2601D600691F9D /* TenKeyInputKey.swift */ = {isa = PBXFileReference; lastKnownFileType = sourcecode.swift; path = TenKeyInputKey.swift; sourceTree = "<group>"; };
		37073FE82A26028800691F9D /* Combo.swift */ = {isa = PBXFileReference; lastKnownFileType = sourcecode.swift; path = Combo.swift; sourceTree = "<group>"; };
		37073FEA2A26072C00691F9D /* TenKeyBackspaceKey.swift */ = {isa = PBXFileReference; lastKnownFileType = sourcecode.swift; path = TenKeyBackspaceKey.swift; sourceTree = "<group>"; };
		37073FEC2A26074B00691F9D /* TenKeyReturnKey.swift */ = {isa = PBXFileReference; lastKnownFileType = sourcecode.swift; path = TenKeyReturnKey.swift; sourceTree = "<group>"; };
		37073FEE2A26097600691F9D /* TenKeySpecialKey.swift */ = {isa = PBXFileReference; lastKnownFileType = sourcecode.swift; path = TenKeySpecialKey.swift; sourceTree = "<group>"; };
		37073FF02A263EC600691F9D /* TenKeyNumberKey.swift */ = {isa = PBXFileReference; lastKnownFileType = sourcecode.swift; path = TenKeyNumberKey.swift; sourceTree = "<group>"; };
		37073FF22A2642BD00691F9D /* TenKeyNavigateKey.swift */ = {isa = PBXFileReference; lastKnownFileType = sourcecode.swift; path = TenKeyNavigateKey.swift; sourceTree = "<group>"; };
		37073FF42A2642EA00691F9D /* TenKeyNumericKeyboard.swift */ = {isa = PBXFileReference; lastKnownFileType = sourcecode.swift; path = TenKeyNumericKeyboard.swift; sourceTree = "<group>"; };
		370AF8882A07742F00A92562 /* SettingsViewIOS15.swift */ = {isa = PBXFileReference; lastKnownFileType = sourcecode.swift; path = SettingsViewIOS15.swift; sourceTree = "<group>"; };
		370D438F2A10EA4100EB48B8 /* HiddenKey.swift */ = {isa = PBXFileReference; lastKnownFileType = sourcecode.swift; path = HiddenKey.swift; sourceTree = "<group>"; };
		370DF32E2A36B43D00AE655B /* SaamPingKeyboard.swift */ = {isa = PBXFileReference; lastKnownFileType = sourcecode.swift; path = SaamPingKeyboard.swift; sourceTree = "<group>"; };
		370DF3302A36B6EA00AE655B /* LetterInputKey.swift */ = {isa = PBXFileReference; lastKnownFileType = sourcecode.swift; path = LetterInputKey.swift; sourceTree = "<group>"; };
		370DF3322A36BB0B00AE655B /* DualLettersInputKey.swift */ = {isa = PBXFileReference; lastKnownFileType = sourcecode.swift; path = DualLettersInputKey.swift; sourceTree = "<group>"; };
		370DF3342A370C9A00AE655B /* SymbolInputKey.swift */ = {isa = PBXFileReference; lastKnownFileType = sourcecode.swift; path = SymbolInputKey.swift; sourceTree = "<group>"; };
		371A13A02A49F294001695C1 /* RomanizationLabel.swift */ = {isa = PBXFileReference; lastKnownFileType = sourcecode.swift; path = RomanizationLabel.swift; sourceTree = "<group>"; };
		373104D42A0A3D780009BF66 /* EditingPanel.swift */ = {isa = PBXFileReference; lastKnownFileType = sourcecode.swift; path = EditingPanel.swift; sourceTree = "<group>"; };
		373FCEB929FF961500DC9102 /* Sparkle.framework */ = {isa = PBXFileReference; lastKnownFileType = wrapper.framework; path = Sparkle.framework; sourceTree = "<group>"; };
		374357732A93243F00466697 /* PadCantoneseNumericKeyboard.swift */ = {isa = PBXFileReference; lastKnownFileType = sourcecode.swift; path = PadCantoneseNumericKeyboard.swift; sourceTree = "<group>"; };
		374357752A934A6200466697 /* PadSymbolicKeyboard.swift */ = {isa = PBXFileReference; lastKnownFileType = sourcecode.swift; path = PadSymbolicKeyboard.swift; sourceTree = "<group>"; };
		374357772A934D9200466697 /* PadCantoneseSymblicKeyboard.swift */ = {isa = PBXFileReference; lastKnownFileType = sourcecode.swift; path = PadCantoneseSymblicKeyboard.swift; sourceTree = "<group>"; };
		374357792A94496B00466697 /* PadCangjieKeyboard.swift */ = {isa = PBXFileReference; lastKnownFileType = sourcecode.swift; path = PadCangjieKeyboard.swift; sourceTree = "<group>"; };
		3743577B2A94499500466697 /* PadCangjieInputKey.swift */ = {isa = PBXFileReference; lastKnownFileType = sourcecode.swift; path = PadCangjieInputKey.swift; sourceTree = "<group>"; };
		3743577D2A944C5200466697 /* PadStrokeInputKey.swift */ = {isa = PBXFileReference; lastKnownFileType = sourcecode.swift; path = PadStrokeInputKey.swift; sourceTree = "<group>"; };
		3743577F2A944CF200466697 /* PadStrokeKeyboard.swift */ = {isa = PBXFileReference; lastKnownFileType = sourcecode.swift; path = PadStrokeKeyboard.swift; sourceTree = "<group>"; };
		374357812A944FCC00466697 /* PadSaamPingKeyboard.swift */ = {isa = PBXFileReference; lastKnownFileType = sourcecode.swift; path = PadSaamPingKeyboard.swift; sourceTree = "<group>"; };
		3753F4FE2A968D3100300CE5 /* LargePadCantoneseKeyboard.swift */ = {isa = PBXFileReference; lastKnownFileType = sourcecode.swift; path = LargePadCantoneseKeyboard.swift; sourceTree = "<group>"; };
		3753F5002A96D71400300CE5 /* CapsLockKey.swift */ = {isa = PBXFileReference; lastKnownFileType = sourcecode.swift; path = CapsLockKey.swift; sourceTree = "<group>"; };
		3753F5022A96DEC100300CE5 /* TabKey.swift */ = {isa = PBXFileReference; lastKnownFileType = sourcecode.swift; path = TabKey.swift; sourceTree = "<group>"; };
		3753F5052A96E10300300CE5 /* LargePadBackspaceKey.swift */ = {isa = PBXFileReference; lastKnownFileType = sourcecode.swift; path = LargePadBackspaceKey.swift; sourceTree = "<group>"; };
		3753F5072A96E4F700300CE5 /* LargePadReturnKey.swift */ = {isa = PBXFileReference; lastKnownFileType = sourcecode.swift; path = LargePadReturnKey.swift; sourceTree = "<group>"; };
		3753F5092A96F02C00300CE5 /* LargePadShiftKey.swift */ = {isa = PBXFileReference; lastKnownFileType = sourcecode.swift; path = LargePadShiftKey.swift; sourceTree = "<group>"; };
		3753F50B2A96FC8600300CE5 /* LargePadGlobeKey.swift */ = {isa = PBXFileReference; lastKnownFileType = sourcecode.swift; path = LargePadGlobeKey.swift; sourceTree = "<group>"; };
		3753F50D2A96FD1F00300CE5 /* LargePadDismissKey.swift */ = {isa = PBXFileReference; lastKnownFileType = sourcecode.swift; path = LargePadDismissKey.swift; sourceTree = "<group>"; };
		3753F50F2A96FDB700300CE5 /* LargePadTransformKey.swift */ = {isa = PBXFileReference; lastKnownFileType = sourcecode.swift; path = LargePadTransformKey.swift; sourceTree = "<group>"; };
		3753F5112A97B05700300CE5 /* LargePadLetterInputKey.swift */ = {isa = PBXFileReference; lastKnownFileType = sourcecode.swift; path = LargePadLetterInputKey.swift; sourceTree = "<group>"; };
		3753F5132A97B42700300CE5 /* LargePadUpperLowerInputKey.swift */ = {isa = PBXFileReference; lastKnownFileType = sourcecode.swift; path = LargePadUpperLowerInputKey.swift; sourceTree = "<group>"; };
		3753F5152A97EC8B00300CE5 /* LargePadExpansibleInputKey.swift */ = {isa = PBXFileReference; lastKnownFileType = sourcecode.swift; path = LargePadExpansibleInputKey.swift; sourceTree = "<group>"; };
		3754F1952A71031400A2692A /* TransformKey.swift */ = {isa = PBXFileReference; lastKnownFileType = sourcecode.swift; path = TransformKey.swift; sourceTree = "<group>"; };
		37611CF22A27416800F3E6F9 /* KeyboardForm.swift */ = {isa = PBXFileReference; lastKnownFileType = sourcecode.swift; path = KeyboardForm.swift; sourceTree = "<group>"; };
		3768B48E2A00C2A10049D7C1 /* Keyboard.appex */ = {isa = PBXFileReference; explicitFileType = "wrapper.app-extension"; includeInIndex = 0; path = Keyboard.appex; sourceTree = BUILT_PRODUCTS_DIR; };
		3768B4902A00C2A10049D7C1 /* KeyboardViewController.swift */ = {isa = PBXFileReference; lastKnownFileType = sourcecode.swift; path = KeyboardViewController.swift; sourceTree = "<group>"; };
		3768B4922A00C2A10049D7C1 /* Info.plist */ = {isa = PBXFileReference; lastKnownFileType = text.plist.xml; path = Info.plist; sourceTree = "<group>"; };
		3768B4992A00C8510049D7C1 /* KeyboardInterface.swift */ = {isa = PBXFileReference; lastKnownFileType = sourcecode.swift; path = KeyboardInterface.swift; sourceTree = "<group>"; };
		3768B49D2A00CA620049D7C1 /* KeyboardLayout.swift */ = {isa = PBXFileReference; lastKnownFileType = sourcecode.swift; path = KeyboardLayout.swift; sourceTree = "<group>"; };
		3768B4A12A00CE510049D7C1 /* HapticFeedback.swift */ = {isa = PBXFileReference; lastKnownFileType = sourcecode.swift; path = HapticFeedback.swift; sourceTree = "<group>"; };
		3768B4A32A00CE9B0049D7C1 /* AudioFeedback.swift */ = {isa = PBXFileReference; lastKnownFileType = sourcecode.swift; path = AudioFeedback.swift; sourceTree = "<group>"; };
		3768B4A62A00E9760049D7C1 /* MotherBoard.swift */ = {isa = PBXFileReference; lastKnownFileType = sourcecode.swift; path = MotherBoard.swift; sourceTree = "<group>"; };
		3773115A2A9AA5E10083B8A8 /* PadUpperLowerInputKey.swift */ = {isa = PBXFileReference; lastKnownFileType = sourcecode.swift; path = PadUpperLowerInputKey.swift; sourceTree = "<group>"; };
		3773115C2A9AE63E0083B8A8 /* PadCantoneseKeyboard.swift */ = {isa = PBXFileReference; lastKnownFileType = sourcecode.swift; path = PadCantoneseKeyboard.swift; sourceTree = "<group>"; };
		3773115E2A9AE6800083B8A8 /* PadABCKeyboard.swift */ = {isa = PBXFileReference; lastKnownFileType = sourcecode.swift; path = PadABCKeyboard.swift; sourceTree = "<group>"; };
		377311602A9AEF100083B8A8 /* PadPullableInputKey.swift */ = {isa = PBXFileReference; lastKnownFileType = sourcecode.swift; path = PadPullableInputKey.swift; sourceTree = "<group>"; };
		377311622A9C21680083B8A8 /* PadCompleteInputKey.swift */ = {isa = PBXFileReference; lastKnownFileType = sourcecode.swift; path = PadCompleteInputKey.swift; sourceTree = "<group>"; };
		37877D4F2A2B119300630F77 /* NumberPad.swift */ = {isa = PBXFileReference; lastKnownFileType = sourcecode.swift; path = NumberPad.swift; sourceTree = "<group>"; };
		3792615D2A39ADFB00DBB9F0 /* CantoneseNumericKeyboard.swift */ = {isa = PBXFileReference; lastKnownFileType = sourcecode.swift; path = CantoneseNumericKeyboard.swift; sourceTree = "<group>"; };
		3792615F2A39AF8600DBB9F0 /* CantoneseSymbolicKeyboard.swift */ = {isa = PBXFileReference; lastKnownFileType = sourcecode.swift; path = CantoneseSymbolicKeyboard.swift; sourceTree = "<group>"; };
		37993A622A0EA2C700BC8E35 /* ReturnKey.swift */ = {isa = PBXFileReference; lastKnownFileType = sourcecode.swift; path = ReturnKey.swift; sourceTree = "<group>"; };
		37993A642A0EA2DD00BC8E35 /* SpaceKey.swift */ = {isa = PBXFileReference; lastKnownFileType = sourcecode.swift; path = SpaceKey.swift; sourceTree = "<group>"; };
		37993A662A0EA31D00BC8E35 /* BackspaceKey.swift */ = {isa = PBXFileReference; lastKnownFileType = sourcecode.swift; path = BackspaceKey.swift; sourceTree = "<group>"; };
		37993A682A0EA33600BC8E35 /* ShiftKey.swift */ = {isa = PBXFileReference; lastKnownFileType = sourcecode.swift; path = ShiftKey.swift; sourceTree = "<group>"; };
		37A52D5B2AA0C6D400946E2D /* PadRightKey.swift */ = {isa = PBXFileReference; lastKnownFileType = sourcecode.swift; path = PadRightKey.swift; sourceTree = "<group>"; };
		37A52D5D2AA0C91400946E2D /* LargePadRightKey.swift */ = {isa = PBXFileReference; lastKnownFileType = sourcecode.swift; path = LargePadRightKey.swift; sourceTree = "<group>"; };
		37A7EB532A91A0DE00B7CDAF /* PadLetterInputKey.swift */ = {isa = PBXFileReference; lastKnownFileType = sourcecode.swift; path = PadLetterInputKey.swift; sourceTree = "<group>"; };
		37A7EB572A91A44A00B7CDAF /* PadDismissKey.swift */ = {isa = PBXFileReference; lastKnownFileType = sourcecode.swift; path = PadDismissKey.swift; sourceTree = "<group>"; };
		37A7EB592A91A7AD00B7CDAF /* PadBackspaceKey.swift */ = {isa = PBXFileReference; lastKnownFileType = sourcecode.swift; path = PadBackspaceKey.swift; sourceTree = "<group>"; };
		37A7EB5B2A91A97000B7CDAF /* PadReturnKey.swift */ = {isa = PBXFileReference; lastKnownFileType = sourcecode.swift; path = PadReturnKey.swift; sourceTree = "<group>"; };
		37A7EB5D2A91AA4900B7CDAF /* PadShiftKey.swift */ = {isa = PBXFileReference; lastKnownFileType = sourcecode.swift; path = PadShiftKey.swift; sourceTree = "<group>"; };
		37A7EB5F2A91AE6400B7CDAF /* PadGlobeKey.swift */ = {isa = PBXFileReference; lastKnownFileType = sourcecode.swift; path = PadGlobeKey.swift; sourceTree = "<group>"; };
		37A7EB612A91AEF700B7CDAF /* PadSpaceKey.swift */ = {isa = PBXFileReference; lastKnownFileType = sourcecode.swift; path = PadSpaceKey.swift; sourceTree = "<group>"; };
		37A7EB632A91B4B600B7CDAF /* PadTransformKey.swift */ = {isa = PBXFileReference; lastKnownFileType = sourcecode.swift; path = PadTransformKey.swift; sourceTree = "<group>"; };
		37A7EB652A927D4700B7CDAF /* PadKeyExpansionPath.swift */ = {isa = PBXFileReference; lastKnownFileType = sourcecode.swift; path = PadKeyExpansionPath.swift; sourceTree = "<group>"; };
		37A7EB672A92835C00B7CDAF /* PadExpansibleInputKey.swift */ = {isa = PBXFileReference; lastKnownFileType = sourcecode.swift; path = PadExpansibleInputKey.swift; sourceTree = "<group>"; };
		37A7EB692A92B44E00B7CDAF /* PadNumericKeyboard.swift */ = {isa = PBXFileReference; lastKnownFileType = sourcecode.swift; path = PadNumericKeyboard.swift; sourceTree = "<group>"; };
		37A7EB6B2A92B4E800B7CDAF /* PadSymbolInputKey.swift */ = {isa = PBXFileReference; lastKnownFileType = sourcecode.swift; path = PadSymbolInputKey.swift; sourceTree = "<group>"; };
		37A9ECF62A1E93E100F63732 /* EmojiBoard.swift */ = {isa = PBXFileReference; lastKnownFileType = sourcecode.swift; path = EmojiBoard.swift; sourceTree = "<group>"; };
		37B1765D2A049B6800A4E531 /* AlphabeticKeyboard.swift */ = {isa = PBXFileReference; lastKnownFileType = sourcecode.swift; path = AlphabeticKeyboard.swift; sourceTree = "<group>"; };
		37B176672A050B1100A4E531 /* KeyboardCase.swift */ = {isa = PBXFileReference; lastKnownFileType = sourcecode.swift; path = KeyboardCase.swift; sourceTree = "<group>"; };
		37B1766B2A05465000A4E531 /* InputStage.swift */ = {isa = PBXFileReference; lastKnownFileType = sourcecode.swift; path = InputStage.swift; sourceTree = "<group>"; };
		37B486D62A7D23B000B175B6 /* GlobeKey.swift */ = {isa = PBXFileReference; lastKnownFileType = sourcecode.swift; path = GlobeKey.swift; sourceTree = "<group>"; };
		37B738822A98307B006C9AA0 /* LargePadABCKeyboard.swift */ = {isa = PBXFileReference; lastKnownFileType = sourcecode.swift; path = LargePadABCKeyboard.swift; sourceTree = "<group>"; };
		37B7B4112A05F22800B3AB08 /* Operation.swift */ = {isa = PBXFileReference; lastKnownFileType = sourcecode.swift; path = Operation.swift; sourceTree = "<group>"; };
		37B7B4132A05F31200B3AB08 /* StringExtensions.swift */ = {isa = PBXFileReference; lastKnownFileType = sourcecode.swift; path = StringExtensions.swift; sourceTree = "<group>"; };
		37B7B4152A05F39500B3AB08 /* CharacterExtensions.swift */ = {isa = PBXFileReference; lastKnownFileType = sourcecode.swift; path = CharacterExtensions.swift; sourceTree = "<group>"; };
		37B7B4172A06178400B3AB08 /* CandidateScrollBar.swift */ = {isa = PBXFileReference; lastKnownFileType = sourcecode.swift; path = CandidateScrollBar.swift; sourceTree = "<group>"; };
		37B7B4192A0646E100B3AB08 /* CandidateBoard.swift */ = {isa = PBXFileReference; lastKnownFileType = sourcecode.swift; path = CandidateBoard.swift; sourceTree = "<group>"; };
		37BAED4A2A0C94A00069F6F3 /* UIReturnKeyTypeExtensions.swift */ = {isa = PBXFileReference; lastKnownFileType = sourcecode.swift; path = UIReturnKeyTypeExtensions.swift; sourceTree = "<group>"; };
		37BAED4C2A0D07920069F6F3 /* DispatchQueueExtensions.swift */ = {isa = PBXFileReference; lastKnownFileType = sourcecode.swift; path = DispatchQueueExtensions.swift; sourceTree = "<group>"; };
		37BAED502A0D10FA0069F6F3 /* FontExtensions.swift */ = {isa = PBXFileReference; lastKnownFileType = sourcecode.swift; path = FontExtensions.swift; sourceTree = "<group>"; };
		37C8494D2A7505E500C806B5 /* ScrollViewGestureButton.swift */ = {isa = PBXFileReference; lastKnownFileType = sourcecode.swift; path = ScrollViewGestureButton.swift; sourceTree = "<group>"; };
		37C8494F2A750A9000C806B5 /* ScrollViewButton.swift */ = {isa = PBXFileReference; lastKnownFileType = sourcecode.swift; path = ScrollViewButton.swift; sourceTree = "<group>"; };
		37C849512A75EF7E00C806B5 /* UserLexicon.swift */ = {isa = PBXFileReference; lastKnownFileType = sourcecode.swift; path = UserLexicon.swift; sourceTree = "<group>"; };
		37CBD68C2A42E053003F7B68 /* CangjieInputKey.swift */ = {isa = PBXFileReference; lastKnownFileType = sourcecode.swift; path = CangjieInputKey.swift; sourceTree = "<group>"; };
		37CBD68E2A42E46A003F7B68 /* CangjieKeyboard.swift */ = {isa = PBXFileReference; lastKnownFileType = sourcecode.swift; path = CangjieKeyboard.swift; sourceTree = "<group>"; };
		37CBD6902A42EB34003F7B68 /* StrokeInputKey.swift */ = {isa = PBXFileReference; lastKnownFileType = sourcecode.swift; path = StrokeInputKey.swift; sourceTree = "<group>"; };
		37CBD6922A42EE21003F7B68 /* StrokeKeyboard.swift */ = {isa = PBXFileReference; lastKnownFileType = sourcecode.swift; path = StrokeKeyboard.swift; sourceTree = "<group>"; };
		37D7BD12294CAADB006A6ADD /* Jyutping.app */ = {isa = PBXFileReference; explicitFileType = wrapper.application; includeInIndex = 0; path = Jyutping.app; sourceTree = BUILT_PRODUCTS_DIR; };
		37D7BD15294CAADB006A6ADD /* JyutpingApp.swift */ = {isa = PBXFileReference; lastKnownFileType = sourcecode.swift; path = JyutpingApp.swift; sourceTree = "<group>"; };
		37D7BD19294CAADC006A6ADD /* Assets.xcassets */ = {isa = PBXFileReference; lastKnownFileType = folder.assetcatalog; path = Assets.xcassets; sourceTree = "<group>"; };
		37D7BD1B294CAADC006A6ADD /* Jyutping.entitlements */ = {isa = PBXFileReference; lastKnownFileType = text.plist.entitlements; path = Jyutping.entitlements; sourceTree = "<group>"; };
		37D7BD1D294CAADC006A6ADD /* Preview Assets.xcassets */ = {isa = PBXFileReference; lastKnownFileType = folder.assetcatalog; path = "Preview Assets.xcassets"; sourceTree = "<group>"; };
		37D7BD40294CAC37006A6ADD /* Info.plist */ = {isa = PBXFileReference; lastKnownFileType = text.plist; path = Info.plist; sourceTree = "<group>"; };
		37D7BD47294CB032006A6ADD /* en */ = {isa = PBXFileReference; lastKnownFileType = text.plist.strings; name = en; path = en.lproj/InfoPlist.strings; sourceTree = "<group>"; };
		37D7BD4F294CB044006A6ADD /* zh-Hant-TW */ = {isa = PBXFileReference; lastKnownFileType = text.plist.strings; name = "zh-Hant-TW"; path = "zh-Hant-TW.lproj/InfoPlist.strings"; sourceTree = "<group>"; };
		37D7BD51294CB04F006A6ADD /* en */ = {isa = PBXFileReference; lastKnownFileType = text.plist.strings; name = en; path = en.lproj/Localizable.strings; sourceTree = "<group>"; };
		37D7BD58294CB05F006A6ADD /* zh-Hant-TW */ = {isa = PBXFileReference; lastKnownFileType = text.plist.strings; name = "zh-Hant-TW"; path = "zh-Hant-TW.lproj/Localizable.strings"; sourceTree = "<group>"; };
		37D7BD5E294CB1EE006A6ADD /* Device.swift */ = {isa = PBXFileReference; fileEncoding = 4; lastKnownFileType = sourcecode.swift; path = Device.swift; sourceTree = "<group>"; };
		37D7BD61294CB212006A6ADD /* ColorExtensions.swift */ = {isa = PBXFileReference; fileEncoding = 4; lastKnownFileType = sourcecode.swift; path = ColorExtensions.swift; sourceTree = "<group>"; };
		37D7BD62294CB212006A6ADD /* FontExtensions.swift */ = {isa = PBXFileReference; fileEncoding = 4; lastKnownFileType = sourcecode.swift; path = FontExtensions.swift; sourceTree = "<group>"; };
		37D7BD63294CB212006A6ADD /* ViewExtensions.swift */ = {isa = PBXFileReference; fileEncoding = 4; lastKnownFileType = sourcecode.swift; path = ViewExtensions.swift; sourceTree = "<group>"; };
		37D7BD64294CB212006A6ADD /* ImageExtensions.swift */ = {isa = PBXFileReference; fileEncoding = 4; lastKnownFileType = sourcecode.swift; path = ImageExtensions.swift; sourceTree = "<group>"; };
		37D7BD65294CB212006A6ADD /* TextExtensions.swift */ = {isa = PBXFileReference; fileEncoding = 4; lastKnownFileType = sourcecode.swift; path = TextExtensions.swift; sourceTree = "<group>"; };
		37D7BD6C294CB323006A6ADD /* UIDevice+modelName.swift */ = {isa = PBXFileReference; fileEncoding = 4; lastKnownFileType = sourcecode.swift; path = "UIDevice+modelName.swift"; sourceTree = "<group>"; };
		37D7BD6F294CB3A2006A6ADD /* ShareSheetView.swift */ = {isa = PBXFileReference; fileEncoding = 4; lastKnownFileType = sourcecode.swift; path = ShareSheetView.swift; sourceTree = "<group>"; };
		37D7BD83294CB500006A6ADD /* AppMaster.swift */ = {isa = PBXFileReference; fileEncoding = 4; lastKnownFileType = sourcecode.swift; path = AppMaster.swift; sourceTree = "<group>"; };
		37D7BDA0294CB9F3006A6ADD /* IOSContentView.swift */ = {isa = PBXFileReference; fileEncoding = 4; lastKnownFileType = sourcecode.swift; path = IOSContentView.swift; sourceTree = "<group>"; };
		37D7BDAB294CB9F3006A6ADD /* HomeView.swift */ = {isa = PBXFileReference; fileEncoding = 4; lastKnownFileType = sourcecode.swift; path = HomeView.swift; sourceTree = "<group>"; };
		37D7BDBD294CC9BE006A6ADD /* Materials */ = {isa = PBXFileReference; lastKnownFileType = wrapper; name = Materials; path = ../Modules/Materials; sourceTree = "<group>"; };
		37D7BDC1294CCAC5006A6ADD /* CommonExtensions */ = {isa = PBXFileReference; lastKnownFileType = wrapper; name = CommonExtensions; path = ../Modules/CommonExtensions; sourceTree = "<group>"; };
		37DE32872A0216B90066D03A /* ColorExtensions.swift */ = {isa = PBXFileReference; lastKnownFileType = sourcecode.swift; path = ColorExtensions.swift; sourceTree = "<group>"; };
		37DE32892A02187B0066D03A /* ToolBarItem.swift */ = {isa = PBXFileReference; lastKnownFileType = sourcecode.swift; path = ToolBarItem.swift; sourceTree = "<group>"; };
		37DE328B2A0218960066D03A /* CantoneseABCSwitch.swift */ = {isa = PBXFileReference; lastKnownFileType = sourcecode.swift; path = CantoneseABCSwitch.swift; sourceTree = "<group>"; };
		37DE328F2A021C450066D03A /* Constant.swift */ = {isa = PBXFileReference; lastKnownFileType = sourcecode.swift; path = Constant.swift; sourceTree = "<group>"; };
		37DE32912A021E780066D03A /* Options.swift */ = {isa = PBXFileReference; lastKnownFileType = sourcecode.swift; path = Options.swift; sourceTree = "<group>"; };
		37DE32972A024D400066D03A /* Images.xcassets */ = {isa = PBXFileReference; lastKnownFileType = folder.assetcatalog; path = Images.xcassets; sourceTree = "<group>"; };
		37DE32992A02613B0066D03A /* SettingsView.swift */ = {isa = PBXFileReference; lastKnownFileType = sourcecode.swift; path = SettingsView.swift; sourceTree = "<group>"; };
		37DE329B2A0286D70066D03A /* ImageExtensions.swift */ = {isa = PBXFileReference; lastKnownFileType = sourcecode.swift; path = ImageExtensions.swift; sourceTree = "<group>"; };
		37DE32A42A028A3D0066D03A /* en */ = {isa = PBXFileReference; lastKnownFileType = text.plist.strings; name = en; path = en.lproj/InfoPlist.strings; sourceTree = "<group>"; };
		37DE32A52A028A3D0066D03A /* en */ = {isa = PBXFileReference; lastKnownFileType = text.plist.strings; name = en; path = en.lproj/Localizable.strings; sourceTree = "<group>"; };
		37DE32B02A028A3D0066D03A /* zh-Hant-TW */ = {isa = PBXFileReference; lastKnownFileType = text.plist.strings; name = "zh-Hant-TW"; path = "zh-Hant-TW.lproj/InfoPlist.strings"; sourceTree = "<group>"; };
		37DE32B12A028A3D0066D03A /* zh-Hant-TW */ = {isa = PBXFileReference; lastKnownFileType = text.plist.strings; name = "zh-Hant-TW"; path = "zh-Hant-TW.lproj/Localizable.strings"; sourceTree = "<group>"; };
		37DE5B952A8B60D20084C45B /* KeyModel.swift */ = {isa = PBXFileReference; lastKnownFileType = sourcecode.swift; path = KeyModel.swift; sourceTree = "<group>"; };
		37DE5B972A8C9C370084C45B /* KeyExpansionPath.swift */ = {isa = PBXFileReference; lastKnownFileType = sourcecode.swift; path = KeyExpansionPath.swift; sourceTree = "<group>"; };
		37E004202A16331600442290 /* SymbolicKeyboard.swift */ = {isa = PBXFileReference; lastKnownFileType = sourcecode.swift; path = SymbolicKeyboard.swift; sourceTree = "<group>"; };
		37E47FC62A29AD1E00EC11C6 /* TenKeySidebar.swift */ = {isa = PBXFileReference; lastKnownFileType = sourcecode.swift; path = TenKeySidebar.swift; sourceTree = "<group>"; };
		37E772072A813188004D0467 /* EmojiMaster.swift */ = {isa = PBXFileReference; lastKnownFileType = sourcecode.swift; path = EmojiMaster.swift; sourceTree = "<group>"; };
		37E772092A8131F4004D0467 /* EmojiIndicator.swift */ = {isa = PBXFileReference; lastKnownFileType = sourcecode.swift; path = EmojiIndicator.swift; sourceTree = "<group>"; };
		37E924682A86E793002D33B9 /* KeyRightExpansionPath.swift */ = {isa = PBXFileReference; lastKnownFileType = sourcecode.swift; path = KeyRightExpansionPath.swift; sourceTree = "<group>"; };
		37E9246B2A86E7F7002D33B9 /* KeyPreviewPath.swift */ = {isa = PBXFileReference; lastKnownFileType = sourcecode.swift; path = KeyPreviewPath.swift; sourceTree = "<group>"; };
		37E9246D2A871220002D33B9 /* LeftKey.swift */ = {isa = PBXFileReference; lastKnownFileType = sourcecode.swift; path = LeftKey.swift; sourceTree = "<group>"; };
		37E9246F2A880F31002D33B9 /* KeyLeftExpansionPath.swift */ = {isa = PBXFileReference; lastKnownFileType = sourcecode.swift; path = KeyLeftExpansionPath.swift; sourceTree = "<group>"; };
		37E924712A88148D002D33B9 /* RightKey.swift */ = {isa = PBXFileReference; lastKnownFileType = sourcecode.swift; path = RightKey.swift; sourceTree = "<group>"; };
		37E924732A89383D002D33B9 /* ExpansibleInputKey.swift */ = {isa = PBXFileReference; lastKnownFileType = sourcecode.swift; path = ExpansibleInputKey.swift; sourceTree = "<group>"; };
		37EA2896295158CB00B40CE4 /* Settings.bundle */ = {isa = PBXFileReference; lastKnownFileType = "wrapper.plug-in"; path = Settings.bundle; sourceTree = "<group>"; };
		37F72E762A14EF7B0013AC85 /* NumericKeyboard.swift */ = {isa = PBXFileReference; lastKnownFileType = sourcecode.swift; path = NumericKeyboard.swift; sourceTree = "<group>"; };
		37F72E7F2A1531DF0013AC85 /* InputMethodMode.swift */ = {isa = PBXFileReference; lastKnownFileType = sourcecode.swift; path = InputMethodMode.swift; sourceTree = "<group>"; };
		37F85CEF2A9851950009C2C8 /* LargePadNumericKeyboard.swift */ = {isa = PBXFileReference; lastKnownFileType = sourcecode.swift; path = LargePadNumericKeyboard.swift; sourceTree = "<group>"; };
		37F85CF12A9856990009C2C8 /* LargePadInstantInputKey.swift */ = {isa = PBXFileReference; lastKnownFileType = sourcecode.swift; path = LargePadInstantInputKey.swift; sourceTree = "<group>"; };
		37F85CF32A98849C0009C2C8 /* LargePadCantoneseNumericKeyboard.swift */ = {isa = PBXFileReference; lastKnownFileType = sourcecode.swift; path = LargePadCantoneseNumericKeyboard.swift; sourceTree = "<group>"; };
		37F85CF52A992DA50009C2C8 /* LargePadSaamPingKeyboard.swift */ = {isa = PBXFileReference; lastKnownFileType = sourcecode.swift; path = LargePadSaamPingKeyboard.swift; sourceTree = "<group>"; };
		37F85CF72A99AED00009C2C8 /* LargePadCangjieInputKey.swift */ = {isa = PBXFileReference; lastKnownFileType = sourcecode.swift; path = LargePadCangjieInputKey.swift; sourceTree = "<group>"; };
		37F85CF92A99AFAC0009C2C8 /* LargePadCangjieKeyboard.swift */ = {isa = PBXFileReference; lastKnownFileType = sourcecode.swift; path = LargePadCangjieKeyboard.swift; sourceTree = "<group>"; };
		37F85CFB2A99B1A90009C2C8 /* LargePadStrokeInputKey.swift */ = {isa = PBXFileReference; lastKnownFileType = sourcecode.swift; path = LargePadStrokeInputKey.swift; sourceTree = "<group>"; };
		37F85CFD2A99B21F0009C2C8 /* LargePadStrokeKeyboard.swift */ = {isa = PBXFileReference; lastKnownFileType = sourcecode.swift; path = LargePadStrokeKeyboard.swift; sourceTree = "<group>"; };
		37FC1AE3294DF65400D7153F /* CoreIME */ = {isa = PBXFileReference; lastKnownFileType = wrapper; name = CoreIME; path = ../Modules/CoreIME; sourceTree = "<group>"; };
		660A58622B04CBA700855086 /* fonts */ = {isa = PBXFileReference; lastKnownFileType = folder; path = fonts; sourceTree = "<group>"; };
		66983B3A2B020DAD00CD38AC /* hak */ = {isa = PBXFileReference; lastKnownFileType = text.plist.strings; name = hak; path = hak.lproj/InfoPlist.strings; sourceTree = "<group>"; };
		66983B3B2B020DAD00CD38AC /* hak */ = {isa = PBXFileReference; lastKnownFileType = text.plist.strings; name = hak; path = hak.lproj/Localizable.strings; sourceTree = "<group>"; };
		66983B3C2B020DAD00CD38AC /* hak */ = {isa = PBXFileReference; lastKnownFileType = text.plist.strings; name = hak; path = hak.lproj/InfoPlist.strings; sourceTree = "<group>"; };
		66983B3D2B020DAD00CD38AC /* hak */ = {isa = PBXFileReference; lastKnownFileType = text.plist.strings; name = hak; path = hak.lproj/Localizable.strings; sourceTree = "<group>"; };
/* End PBXFileReference section */

/* Begin PBXFrameworksBuildPhase section */
		3768B48B2A00C2A10049D7C1 /* Frameworks */ = {
			isa = PBXFrameworksBuildPhase;
			buildActionMask = 2147483647;
			files = (
				37DE32942A022DF80066D03A /* CoreIME in Frameworks */,
				37DE32962A022DFC0066D03A /* CommonExtensions in Frameworks */,
			);
			runOnlyForDeploymentPostprocessing = 0;
		};
		37D7BD0F294CAADB006A6ADD /* Frameworks */ = {
			isa = PBXFrameworksBuildPhase;
			buildActionMask = 2147483647;
			files = (
				37D7BDC0294CC9DA006A6ADD /* Materials in Frameworks */,
				37D7BDC3294CCAD8006A6ADD /* CommonExtensions in Frameworks */,
			);
			runOnlyForDeploymentPostprocessing = 0;
		};
/* End PBXFrameworksBuildPhase section */

/* Begin PBXGroup section */
		37073FDF2A25FEFD00691F9D /* TenKey */ = {
			isa = PBXGroup;
			children = (
				37073FDD2A25FC2700691F9D /* TenKeyKeyboard.swift */,
				37073FF42A2642EA00691F9D /* TenKeyNumericKeyboard.swift */,
				37073FF22A2642BD00691F9D /* TenKeyNavigateKey.swift */,
				37073FEC2A26074B00691F9D /* TenKeyReturnKey.swift */,
				37073FEA2A26072C00691F9D /* TenKeyBackspaceKey.swift */,
				37073FE62A2601D600691F9D /* TenKeyInputKey.swift */,
				37073FF02A263EC600691F9D /* TenKeyNumberKey.swift */,
				37073FE82A26028800691F9D /* Combo.swift */,
				37073FEE2A26097600691F9D /* TenKeySpecialKey.swift */,
				37073FE02A25FF1800691F9D /* TenKeySpaceKey.swift */,
				37073FE42A26008F00691F9D /* TenKeySymbolsBar.swift */,
				37E47FC62A29AD1E00EC11C6 /* TenKeySidebar.swift */,
			);
			path = TenKey;
			sourceTree = "<group>";
		};
		37534F282A9DEC9C0027F73A /* iPhone */ = {
			isa = PBXGroup;
			children = (
				370DF3342A370C9A00AE655B /* SymbolInputKey.swift */,
				370D438F2A10EA4100EB48B8 /* HiddenKey.swift */,
				37B486D62A7D23B000B175B6 /* GlobeKey.swift */,
				37E9246D2A871220002D33B9 /* LeftKey.swift */,
				37E924712A88148D002D33B9 /* RightKey.swift */,
				37993A622A0EA2C700BC8E35 /* ReturnKey.swift */,
				37993A642A0EA2DD00BC8E35 /* SpaceKey.swift */,
				37993A662A0EA31D00BC8E35 /* BackspaceKey.swift */,
				37993A682A0EA33600BC8E35 /* ShiftKey.swift */,
				3754F1952A71031400A2692A /* TransformKey.swift */,
				37CBD68C2A42E053003F7B68 /* CangjieInputKey.swift */,
				37CBD6902A42EB34003F7B68 /* StrokeInputKey.swift */,
				370DF3302A36B6EA00AE655B /* LetterInputKey.swift */,
				370DF3322A36BB0B00AE655B /* DualLettersInputKey.swift */,
				37E924732A89383D002D33B9 /* ExpansibleInputKey.swift */,
				37877D4F2A2B119300630F77 /* NumberPad.swift */,
				37B1765D2A049B6800A4E531 /* AlphabeticKeyboard.swift */,
				37CBD68E2A42E46A003F7B68 /* CangjieKeyboard.swift */,
				37CBD6922A42EE21003F7B68 /* StrokeKeyboard.swift */,
				370DF32E2A36B43D00AE655B /* SaamPingKeyboard.swift */,
				37F72E762A14EF7B0013AC85 /* NumericKeyboard.swift */,
				3792615D2A39ADFB00DBB9F0 /* CantoneseNumericKeyboard.swift */,
				37E004202A16331600442290 /* SymbolicKeyboard.swift */,
				3792615F2A39AF8600DBB9F0 /* CantoneseSymbolicKeyboard.swift */,
				37073FDF2A25FEFD00691F9D /* TenKey */,
			);
			path = iPhone;
			sourceTree = "<group>";
		};
		37534F292A9DECDE0027F73A /* SharedViews */ = {
			isa = PBXGroup;
			children = (
				3768B4A62A00E9760049D7C1 /* MotherBoard.swift */,
				37DE328B2A0218960066D03A /* CantoneseABCSwitch.swift */,
				37DE32892A02187B0066D03A /* ToolBarItem.swift */,
				370563252A0168D000872AA4 /* ToolBar.swift */,
				373104D42A0A3D780009BF66 /* EditingPanel.swift */,
				37B7B4172A06178400B3AB08 /* CandidateScrollBar.swift */,
				371A13A02A49F294001695C1 /* RomanizationLabel.swift */,
				37C8494D2A7505E500C806B5 /* ScrollViewGestureButton.swift */,
				37C8494F2A750A9000C806B5 /* ScrollViewButton.swift */,
				37B7B4192A0646E100B3AB08 /* CandidateBoard.swift */,
				37DE32992A02613B0066D03A /* SettingsView.swift */,
				370AF8882A07742F00A92562 /* SettingsViewIOS15.swift */,
			);
			path = SharedViews;
			sourceTree = "<group>";
		};
		37534F2A2A9DEF080027F73A /* SharedModels */ = {
			isa = PBXGroup;
			children = (
				37B1766B2A05465000A4E531 /* InputStage.swift */,
				37B7B4112A05F22800B3AB08 /* Operation.swift */,
				37F72E7F2A1531DF0013AC85 /* InputMethodMode.swift */,
				37611CF22A27416800F3E6F9 /* KeyboardForm.swift */,
				37DE32912A021E780066D03A /* Options.swift */,
				37C849512A75EF7E00C806B5 /* UserLexicon.swift */,
				37DE328F2A021C450066D03A /* Constant.swift */,
				3768B4A12A00CE510049D7C1 /* HapticFeedback.swift */,
				3768B4A32A00CE9B0049D7C1 /* AudioFeedback.swift */,
				3768B49D2A00CA620049D7C1 /* KeyboardLayout.swift */,
				37B176672A050B1100A4E531 /* KeyboardCase.swift */,
				3768B4992A00C8510049D7C1 /* KeyboardInterface.swift */,
				37DE5B952A8B60D20084C45B /* KeyModel.swift */,
			);
			path = SharedModels;
			sourceTree = "<group>";
		};
		3753F5042A96E0D000300CE5 /* LargeScreenPad */ = {
			isa = PBXGroup;
			children = (
				3753F5002A96D71400300CE5 /* CapsLockKey.swift */,
				3753F5022A96DEC100300CE5 /* TabKey.swift */,
				3753F5132A97B42700300CE5 /* LargePadUpperLowerInputKey.swift */,
				3753F5152A97EC8B00300CE5 /* LargePadExpansibleInputKey.swift */,
				3753F5112A97B05700300CE5 /* LargePadLetterInputKey.swift */,
				3753F50F2A96FDB700300CE5 /* LargePadTransformKey.swift */,
				37A52D5D2AA0C91400946E2D /* LargePadRightKey.swift */,
				3753F50B2A96FC8600300CE5 /* LargePadGlobeKey.swift */,
				3753F50D2A96FD1F00300CE5 /* LargePadDismissKey.swift */,
				3753F5052A96E10300300CE5 /* LargePadBackspaceKey.swift */,
				3753F5072A96E4F700300CE5 /* LargePadReturnKey.swift */,
				3753F5092A96F02C00300CE5 /* LargePadShiftKey.swift */,
				3753F4FE2A968D3100300CE5 /* LargePadCantoneseKeyboard.swift */,
				37F85CF92A99AFAC0009C2C8 /* LargePadCangjieKeyboard.swift */,
				37F85CFD2A99B21F0009C2C8 /* LargePadStrokeKeyboard.swift */,
				37F85CFB2A99B1A90009C2C8 /* LargePadStrokeInputKey.swift */,
				37F85CF72A99AED00009C2C8 /* LargePadCangjieInputKey.swift */,
				37B738822A98307B006C9AA0 /* LargePadABCKeyboard.swift */,
				37F85CEF2A9851950009C2C8 /* LargePadNumericKeyboard.swift */,
				37F85CF32A98849C0009C2C8 /* LargePadCantoneseNumericKeyboard.swift */,
				37F85CF52A992DA50009C2C8 /* LargePadSaamPingKeyboard.swift */,
				37F85CF12A9856990009C2C8 /* LargePadInstantInputKey.swift */,
			);
			path = LargeScreenPad;
			sourceTree = "<group>";
		};
		3768B48F2A00C2A10049D7C1 /* Keyboard */ = {
			isa = PBXGroup;
			children = (
				660A58622B04CBA700855086 /* fonts */,
				3768B4902A00C2A10049D7C1 /* KeyboardViewController.swift */,
				37534F2A2A9DEF080027F73A /* SharedModels */,
				37534F292A9DECDE0027F73A /* SharedViews */,
				37534F282A9DEC9C0027F73A /* iPhone */,
				37A7EB522A91A08100B7CDAF /* iPad */,
				37E9246A2A86E7CD002D33B9 /* Paths */,
				37E772062A81316E004D0467 /* Emoji */,
				37DE32862A0216740066D03A /* Extensions */,
				37DE329D2A028A3D0066D03A /* Localization */,
				3768B4922A00C2A10049D7C1 /* Info.plist */,
				37DE32972A024D400066D03A /* Images.xcassets */,
			);
			path = Keyboard;
			sourceTree = "<group>";
		};
		37A7EB522A91A08100B7CDAF /* iPad */ = {
			isa = PBXGroup;
			children = (
				3753F5042A96E0D000300CE5 /* LargeScreenPad */,
				37A7EB532A91A0DE00B7CDAF /* PadLetterInputKey.swift */,
				37A7EB672A92835C00B7CDAF /* PadExpansibleInputKey.swift */,
				377311622A9C21680083B8A8 /* PadCompleteInputKey.swift */,
				3773115A2A9AA5E10083B8A8 /* PadUpperLowerInputKey.swift */,
				37A7EB572A91A44A00B7CDAF /* PadDismissKey.swift */,
				37A7EB592A91A7AD00B7CDAF /* PadBackspaceKey.swift */,
				37A7EB5B2A91A97000B7CDAF /* PadReturnKey.swift */,
				37A7EB5D2A91AA4900B7CDAF /* PadShiftKey.swift */,
				37A7EB5F2A91AE6400B7CDAF /* PadGlobeKey.swift */,
				37A7EB612A91AEF700B7CDAF /* PadSpaceKey.swift */,
				37A7EB632A91B4B600B7CDAF /* PadTransformKey.swift */,
				37A52D5B2AA0C6D400946E2D /* PadRightKey.swift */,
				3773115C2A9AE63E0083B8A8 /* PadCantoneseKeyboard.swift */,
				3773115E2A9AE6800083B8A8 /* PadABCKeyboard.swift */,
				377311602A9AEF100083B8A8 /* PadPullableInputKey.swift */,
				374357752A934A6200466697 /* PadSymbolicKeyboard.swift */,
				37A7EB692A92B44E00B7CDAF /* PadNumericKeyboard.swift */,
				374357732A93243F00466697 /* PadCantoneseNumericKeyboard.swift */,
				374357772A934D9200466697 /* PadCantoneseSymblicKeyboard.swift */,
				374357792A94496B00466697 /* PadCangjieKeyboard.swift */,
				3743577F2A944CF200466697 /* PadStrokeKeyboard.swift */,
				374357812A944FCC00466697 /* PadSaamPingKeyboard.swift */,
				3743577B2A94499500466697 /* PadCangjieInputKey.swift */,
				3743577D2A944C5200466697 /* PadStrokeInputKey.swift */,
				37A7EB6B2A92B4E800B7CDAF /* PadSymbolInputKey.swift */,
			);
			path = iPad;
			sourceTree = "<group>";
		};
		37D7BD09294CAADB006A6ADD = {
			isa = PBXGroup;
			children = (
				373FCEB929FF961500DC9102 /* Sparkle.framework */,
				37FC1AE3294DF65400D7153F /* CoreIME */,
				37D7BDC1294CCAC5006A6ADD /* CommonExtensions */,
				37D7BDBD294CC9BE006A6ADD /* Materials */,
				37D7BD14294CAADB006A6ADD /* Jyutping */,
				3768B48F2A00C2A10049D7C1 /* Keyboard */,
				37D7BD13294CAADB006A6ADD /* Products */,
				37D7BDBE294CC9DA006A6ADD /* Frameworks */,
			);
			indentWidth = 8;
			sourceTree = "<group>";
			tabWidth = 8;
		};
		37D7BD13294CAADB006A6ADD /* Products */ = {
			isa = PBXGroup;
			children = (
				37D7BD12294CAADB006A6ADD /* Jyutping.app */,
				3768B48E2A00C2A10049D7C1 /* Keyboard.appex */,
			);
			name = Products;
			sourceTree = "<group>";
		};
		37D7BD14294CAADB006A6ADD /* Jyutping */ = {
			isa = PBXGroup;
			children = (
				37D7BD40294CAC37006A6ADD /* Info.plist */,
				37D7BD15294CAADB006A6ADD /* JyutpingApp.swift */,
				37D7BD83294CB500006A6ADD /* AppMaster.swift */,
				37D7BD5E294CB1EE006A6ADD /* Device.swift */,
				37D7BD6B294CB2E5006A6ADD /* iOS */,
				37D7BD60294CB212006A6ADD /* Extensions */,
				37D7BD45294CAEB7006A6ADD /* Localization */,
				37D7BD19294CAADC006A6ADD /* Assets.xcassets */,
				37EA2896295158CB00B40CE4 /* Settings.bundle */,
				37D7BD1B294CAADC006A6ADD /* Jyutping.entitlements */,
				37D7BD1C294CAADC006A6ADD /* Preview Content */,
			);
			path = Jyutping;
			sourceTree = "<group>";
		};
		37D7BD1C294CAADC006A6ADD /* Preview Content */ = {
			isa = PBXGroup;
			children = (
				37D7BD1D294CAADC006A6ADD /* Preview Assets.xcassets */,
			);
			path = "Preview Content";
			sourceTree = "<group>";
		};
		37D7BD45294CAEB7006A6ADD /* Localization */ = {
			isa = PBXGroup;
			children = (
				37D7BD48294CB032006A6ADD /* InfoPlist.strings */,
				37D7BD52294CB04F006A6ADD /* Localizable.strings */,
			);
			path = Localization;
			sourceTree = "<group>";
		};
		37D7BD60294CB212006A6ADD /* Extensions */ = {
			isa = PBXGroup;
			children = (
				37D7BD61294CB212006A6ADD /* ColorExtensions.swift */,
				37D7BD62294CB212006A6ADD /* FontExtensions.swift */,
				37D7BD63294CB212006A6ADD /* ViewExtensions.swift */,
				37D7BD64294CB212006A6ADD /* ImageExtensions.swift */,
				37D7BD65294CB212006A6ADD /* TextExtensions.swift */,
			);
			path = Extensions;
			sourceTree = "<group>";
		};
		37D7BD6B294CB2E5006A6ADD /* iOS */ = {
			isa = PBXGroup;
			children = (
				37D7BDA0294CB9F3006A6ADD /* IOSContentView.swift */,
				37D7BDA8294CB9F3006A6ADD /* Home */,
				37D7BD6F294CB3A2006A6ADD /* ShareSheetView.swift */,
				37D7BD6C294CB323006A6ADD /* UIDevice+modelName.swift */,
			);
			path = iOS;
			sourceTree = "<group>";
		};
		37D7BDA8294CB9F3006A6ADD /* Home */ = {
			isa = PBXGroup;
			children = (
				37D7BDAB294CB9F3006A6ADD /* HomeView.swift */,
			);
			path = Home;
			sourceTree = "<group>";
		};
		37D7BDBE294CC9DA006A6ADD /* Frameworks */ = {
			isa = PBXGroup;
			children = (
			);
			name = Frameworks;
			sourceTree = "<group>";
		};
		37DE32862A0216740066D03A /* Extensions */ = {
			isa = PBXGroup;
			children = (
				37DE32872A0216B90066D03A /* ColorExtensions.swift */,
				37BAED502A0D10FA0069F6F3 /* FontExtensions.swift */,
				37BAED4C2A0D07920069F6F3 /* DispatchQueueExtensions.swift */,
				37BAED4A2A0C94A00069F6F3 /* UIReturnKeyTypeExtensions.swift */,
				37B7B4132A05F31200B3AB08 /* StringExtensions.swift */,
				37B7B4152A05F39500B3AB08 /* CharacterExtensions.swift */,
				37DE329B2A0286D70066D03A /* ImageExtensions.swift */,
			);
			path = Extensions;
			sourceTree = "<group>";
		};
		37DE329D2A028A3D0066D03A /* Localization */ = {
			isa = PBXGroup;
			children = (
				37DE329E2A028A3D0066D03A /* InfoPlist.strings */,
				37DE32A02A028A3D0066D03A /* Localizable.strings */,
			);
			path = Localization;
			sourceTree = "<group>";
		};
		37E772062A81316E004D0467 /* Emoji */ = {
			isa = PBXGroup;
			children = (
				37A9ECF62A1E93E100F63732 /* EmojiBoard.swift */,
				37E772092A8131F4004D0467 /* EmojiIndicator.swift */,
				37E772072A813188004D0467 /* EmojiMaster.swift */,
			);
			path = Emoji;
			sourceTree = "<group>";
		};
		37E9246A2A86E7CD002D33B9 /* Paths */ = {
			isa = PBXGroup;
			children = (
				37E9246B2A86E7F7002D33B9 /* KeyPreviewPath.swift */,
				37A7EB652A927D4700B7CDAF /* PadKeyExpansionPath.swift */,
				37DE5B972A8C9C370084C45B /* KeyExpansionPath.swift */,
				37E9246F2A880F31002D33B9 /* KeyLeftExpansionPath.swift */,
				37E924682A86E793002D33B9 /* KeyRightExpansionPath.swift */,
			);
			path = Paths;
			sourceTree = "<group>";
		};
/* End PBXGroup section */

/* Begin PBXNativeTarget section */
		3768B48D2A00C2A10049D7C1 /* Keyboard */ = {
			isa = PBXNativeTarget;
			buildConfigurationList = 3768B4982A00C2A10049D7C1 /* Build configuration list for PBXNativeTarget "Keyboard" */;
			buildPhases = (
				3768B48A2A00C2A10049D7C1 /* Sources */,
				3768B48B2A00C2A10049D7C1 /* Frameworks */,
				3768B48C2A00C2A10049D7C1 /* Resources */,
			);
			buildRules = (
			);
			dependencies = (
			);
			name = Keyboard;
			packageProductDependencies = (
				37DE32932A022DF80066D03A /* CoreIME */,
				37DE32952A022DFC0066D03A /* CommonExtensions */,
			);
			productName = Keyboard;
			productReference = 3768B48E2A00C2A10049D7C1 /* Keyboard.appex */;
			productType = "com.apple.product-type.app-extension";
		};
		37D7BD11294CAADB006A6ADD /* Jyutping */ = {
			isa = PBXNativeTarget;
			buildConfigurationList = 37D7BD37294CAADC006A6ADD /* Build configuration list for PBXNativeTarget "Jyutping" */;
			buildPhases = (
				37D7BD0E294CAADB006A6ADD /* Sources */,
				37D7BD0F294CAADB006A6ADD /* Frameworks */,
				37D7BD10294CAADB006A6ADD /* Resources */,
				37FC1ADA294DF40900D7153F /* Embed Foundation Extensions */,
			);
			buildRules = (
			);
			dependencies = (
				3768B4942A00C2A10049D7C1 /* PBXTargetDependency */,
			);
			name = Jyutping;
			packageProductDependencies = (
				37D7BDBF294CC9DA006A6ADD /* Materials */,
				37D7BDC2294CCAD8006A6ADD /* CommonExtensions */,
			);
			productName = Jyutping;
			productReference = 37D7BD12294CAADB006A6ADD /* Jyutping.app */;
			productType = "com.apple.product-type.application";
		};
/* End PBXNativeTarget section */

/* Begin PBXProject section */
		37D7BD0A294CAADB006A6ADD /* Project object */ = {
			isa = PBXProject;
			attributes = {
				BuildIndependentTargetsInParallel = 1;
				LastSwiftUpdateCheck = 1430;
				LastUpgradeCheck = 1500;
				TargetAttributes = {
					3768B48D2A00C2A10049D7C1 = {
						CreatedOnToolsVersion = 14.3;
					};
					37D7BD11294CAADB006A6ADD = {
						CreatedOnToolsVersion = 14.2;
					};
				};
			};
			buildConfigurationList = 37D7BD0D294CAADB006A6ADD /* Build configuration list for PBXProject "Jyutping" */;
			compatibilityVersion = "Xcode 14.0";
			developmentRegion = en;
			hasScannedForEncodings = 0;
			knownRegions = (
				en,
				"zh-Hant-TW",
				hak,
			);
			mainGroup = 37D7BD09294CAADB006A6ADD;
			productRefGroup = 37D7BD13294CAADB006A6ADD /* Products */;
			projectDirPath = "";
			projectRoot = "";
			targets = (
				37D7BD11294CAADB006A6ADD /* Jyutping */,
				3768B48D2A00C2A10049D7C1 /* Keyboard */,
			);
		};
/* End PBXProject section */

/* Begin PBXResourcesBuildPhase section */
		3768B48C2A00C2A10049D7C1 /* Resources */ = {
			isa = PBXResourcesBuildPhase;
			buildActionMask = 2147483647;
			files = (
				37DE32982A024D400066D03A /* Images.xcassets in Resources */,
				37DE32B52A028A3D0066D03A /* Localizable.strings in Resources */,
				37DE32B42A028A3D0066D03A /* InfoPlist.strings in Resources */,
				660A58632B04CBA800855086 /* fonts in Resources */,
			);
			runOnlyForDeploymentPostprocessing = 0;
		};
		37D7BD10294CAADB006A6ADD /* Resources */ = {
			isa = PBXResourcesBuildPhase;
			buildActionMask = 2147483647;
			files = (
				37D7BD1E294CAADC006A6ADD /* Preview Assets.xcassets in Resources */,
				37D7BD50294CB04F006A6ADD /* Localizable.strings in Resources */,
				37EA2897295158CB00B40CE4 /* Settings.bundle in Resources */,
				37D7BD46294CB032006A6ADD /* InfoPlist.strings in Resources */,
				37D7BD1A294CAADC006A6ADD /* Assets.xcassets in Resources */,
			);
			runOnlyForDeploymentPostprocessing = 0;
		};
/* End PBXResourcesBuildPhase section */

/* Begin PBXSourcesBuildPhase section */
		3768B48A2A00C2A10049D7C1 /* Sources */ = {
			isa = PBXSourcesBuildPhase;
			buildActionMask = 2147483647;
			files = (
				37F72E772A14EF7B0013AC85 /* NumericKeyboard.swift in Sources */,
				37C849522A75EF7E00C806B5 /* UserLexicon.swift in Sources */,
				37CBD68F2A42E46A003F7B68 /* CangjieKeyboard.swift in Sources */,
				37073FE52A26008F00691F9D /* TenKeySymbolsBar.swift in Sources */,
				37A7EB682A92835C00B7CDAF /* PadExpansibleInputKey.swift in Sources */,
				37B7B4182A06178400B3AB08 /* CandidateScrollBar.swift in Sources */,
				37073FF52A2642EA00691F9D /* TenKeyNumericKeyboard.swift in Sources */,
				3753F5162A97EC8B00300CE5 /* LargePadExpansibleInputKey.swift in Sources */,
				37DE329A2A02613B0066D03A /* SettingsView.swift in Sources */,
				37A7EB5C2A91A97000B7CDAF /* PadReturnKey.swift in Sources */,
				37073FEB2A26072C00691F9D /* TenKeyBackspaceKey.swift in Sources */,
				3773115B2A9AA5E10083B8A8 /* PadUpperLowerInputKey.swift in Sources */,
				3753F5012A96D71400300CE5 /* CapsLockKey.swift in Sources */,
				37A9ECF72A1E93E100F63732 /* EmojiBoard.swift in Sources */,
				37A7EB602A91AE6400B7CDAF /* PadGlobeKey.swift in Sources */,
				370DF3312A36B6EA00AE655B /* LetterInputKey.swift in Sources */,
				370DF3352A370C9A00AE655B /* SymbolInputKey.swift in Sources */,
				37A7EB5A2A91A7AD00B7CDAF /* PadBackspaceKey.swift in Sources */,
				37073FED2A26074B00691F9D /* TenKeyReturnKey.swift in Sources */,
				3753F4FF2A968D3100300CE5 /* LargePadCantoneseKeyboard.swift in Sources */,
				37DE5B962A8B60D20084C45B /* KeyModel.swift in Sources */,
				37F85CF42A98849C0009C2C8 /* LargePadCantoneseNumericKeyboard.swift in Sources */,
				37A7EB542A91A0DE00B7CDAF /* PadLetterInputKey.swift in Sources */,
				37A52D5C2AA0C6D400946E2D /* PadRightKey.swift in Sources */,
				37F85CF62A992DA50009C2C8 /* LargePadSaamPingKeyboard.swift in Sources */,
				37B1765E2A049B6800A4E531 /* AlphabeticKeyboard.swift in Sources */,
				3768B49E2A00CA620049D7C1 /* KeyboardLayout.swift in Sources */,
				37DE32882A0216B90066D03A /* ColorExtensions.swift in Sources */,
				37F85CFE2A99B21F0009C2C8 /* LargePadStrokeKeyboard.swift in Sources */,
				37DE329C2A0286D70066D03A /* ImageExtensions.swift in Sources */,
				37CBD6912A42EB34003F7B68 /* StrokeInputKey.swift in Sources */,
				37A7EB622A91AEF700B7CDAF /* PadSpaceKey.swift in Sources */,
				370DF3332A36BB0B00AE655B /* DualLettersInputKey.swift in Sources */,
				3753F50C2A96FC8600300CE5 /* LargePadGlobeKey.swift in Sources */,
				37B7B4162A05F39500B3AB08 /* CharacterExtensions.swift in Sources */,
				3768B4A42A00CE9B0049D7C1 /* AudioFeedback.swift in Sources */,
				3753F5082A96E4F700300CE5 /* LargePadReturnKey.swift in Sources */,
				37B7B41A2A0646E100B3AB08 /* CandidateBoard.swift in Sources */,
				3753F50A2A96F02C00300CE5 /* LargePadShiftKey.swift in Sources */,
				3754F1962A71031400A2692A /* TransformKey.swift in Sources */,
				37C8494E2A7505E500C806B5 /* ScrollViewGestureButton.swift in Sources */,
				37F85CF82A99AED00009C2C8 /* LargePadCangjieInputKey.swift in Sources */,
				37E47FC72A29AD1E00EC11C6 /* TenKeySidebar.swift in Sources */,
				37CBD68D2A42E053003F7B68 /* CangjieInputKey.swift in Sources */,
				377311632A9C21680083B8A8 /* PadCompleteInputKey.swift in Sources */,
				3773115D2A9AE63E0083B8A8 /* PadCantoneseKeyboard.swift in Sources */,
				3743577A2A94496B00466697 /* PadCangjieKeyboard.swift in Sources */,
				3768B4A72A00E9760049D7C1 /* MotherBoard.swift in Sources */,
				37611CF32A27416800F3E6F9 /* KeyboardForm.swift in Sources */,
				3768B49A2A00C8510049D7C1 /* KeyboardInterface.swift in Sources */,
				379261602A39AF8600DBB9F0 /* CantoneseSymbolicKeyboard.swift in Sources */,
				37F85CFC2A99B1A90009C2C8 /* LargePadStrokeInputKey.swift in Sources */,
				37073FF32A2642BD00691F9D /* TenKeyNavigateKey.swift in Sources */,
				37A7EB642A91B4B600B7CDAF /* PadTransformKey.swift in Sources */,
				370AF8892A07742F00A92562 /* SettingsViewIOS15.swift in Sources */,
				37BAED4D2A0D07920069F6F3 /* DispatchQueueExtensions.swift in Sources */,
				374357762A934A6200466697 /* PadSymbolicKeyboard.swift in Sources */,
				37E004212A16331600442290 /* SymbolicKeyboard.swift in Sources */,
				37073FF12A263EC600691F9D /* TenKeyNumberKey.swift in Sources */,
				3792615E2A39ADFB00DBB9F0 /* CantoneseNumericKeyboard.swift in Sources */,
				37E924742A89383D002D33B9 /* ExpansibleInputKey.swift in Sources */,
				374357802A944CF200466697 /* PadStrokeKeyboard.swift in Sources */,
				370DF32F2A36B43D00AE655B /* SaamPingKeyboard.swift in Sources */,
				374357742A93243F00466697 /* PadCantoneseNumericKeyboard.swift in Sources */,
				3743577C2A94499500466697 /* PadCangjieInputKey.swift in Sources */,
				37A7EB662A927D4700B7CDAF /* PadKeyExpansionPath.swift in Sources */,
				37F72E802A1531DF0013AC85 /* InputMethodMode.swift in Sources */,
				3753F5122A97B05700300CE5 /* LargePadLetterInputKey.swift in Sources */,
				37C849502A750A9000C806B5 /* ScrollViewButton.swift in Sources */,
				37073FE92A26028800691F9D /* Combo.swift in Sources */,
				37DE32902A021C450066D03A /* Constant.swift in Sources */,
				3753F5142A97B42700300CE5 /* LargePadUpperLowerInputKey.swift in Sources */,
				370D43902A10EA4100EB48B8 /* HiddenKey.swift in Sources */,
				37993A692A0EA33600BC8E35 /* ShiftKey.swift in Sources */,
				3753F5102A96FDB700300CE5 /* LargePadTransformKey.swift in Sources */,
				3753F5032A96DEC100300CE5 /* TabKey.swift in Sources */,
				3753F50E2A96FD1F00300CE5 /* LargePadDismissKey.swift in Sources */,
				37073FE12A25FF1800691F9D /* TenKeySpaceKey.swift in Sources */,
				3773115F2A9AE6800083B8A8 /* PadABCKeyboard.swift in Sources */,
				37DE328C2A0218960066D03A /* CantoneseABCSwitch.swift in Sources */,
				37DE328A2A02187B0066D03A /* ToolBarItem.swift in Sources */,
				373104D52A0A3D780009BF66 /* EditingPanel.swift in Sources */,
				37B7B4122A05F22800B3AB08 /* Operation.swift in Sources */,
				37993A652A0EA2DD00BC8E35 /* SpaceKey.swift in Sources */,
				37F85CF02A9851950009C2C8 /* LargePadNumericKeyboard.swift in Sources */,
				37E924702A880F31002D33B9 /* KeyLeftExpansionPath.swift in Sources */,
				37BAED4B2A0C94A00069F6F3 /* UIReturnKeyTypeExtensions.swift in Sources */,
				37E924722A88148D002D33B9 /* RightKey.swift in Sources */,
				37A52D5E2AA0C91400946E2D /* LargePadRightKey.swift in Sources */,
				37DE5B982A8C9C370084C45B /* KeyExpansionPath.swift in Sources */,
				37BAED512A0D10FA0069F6F3 /* FontExtensions.swift in Sources */,
				37CBD6932A42EE21003F7B68 /* StrokeKeyboard.swift in Sources */,
				37A7EB582A91A44A00B7CDAF /* PadDismissKey.swift in Sources */,
				37F85CF22A9856990009C2C8 /* LargePadInstantInputKey.swift in Sources */,
				37F85CFA2A99AFAC0009C2C8 /* LargePadCangjieKeyboard.swift in Sources */,
				37E9246C2A86E7F7002D33B9 /* KeyPreviewPath.swift in Sources */,
				3768B4912A00C2A10049D7C1 /* KeyboardViewController.swift in Sources */,
				37E772082A813188004D0467 /* EmojiMaster.swift in Sources */,
				37B486D72A7D23B000B175B6 /* GlobeKey.swift in Sources */,
				37B1766C2A05465000A4E531 /* InputStage.swift in Sources */,
				37B738832A98307B006C9AA0 /* LargePadABCKeyboard.swift in Sources */,
				37993A672A0EA31D00BC8E35 /* BackspaceKey.swift in Sources */,
				370563262A0168D000872AA4 /* ToolBar.swift in Sources */,
				37E7720A2A8131F4004D0467 /* EmojiIndicator.swift in Sources */,
				37A7EB6A2A92B44E00B7CDAF /* PadNumericKeyboard.swift in Sources */,
				374357822A944FCC00466697 /* PadSaamPingKeyboard.swift in Sources */,
				3768B4A22A00CE510049D7C1 /* HapticFeedback.swift in Sources */,
				37993A632A0EA2C700BC8E35 /* ReturnKey.swift in Sources */,
				37DE32922A021E780066D03A /* Options.swift in Sources */,
				37A7EB5E2A91AA4900B7CDAF /* PadShiftKey.swift in Sources */,
				377311612A9AEF100083B8A8 /* PadPullableInputKey.swift in Sources */,
				37A7EB6C2A92B4E800B7CDAF /* PadSymbolInputKey.swift in Sources */,
				37073FE72A2601D600691F9D /* TenKeyInputKey.swift in Sources */,
				37B176682A050B1100A4E531 /* KeyboardCase.swift in Sources */,
				3753F5062A96E10300300CE5 /* LargePadBackspaceKey.swift in Sources */,
				37B7B4142A05F31200B3AB08 /* StringExtensions.swift in Sources */,
				371A13A12A49F294001695C1 /* RomanizationLabel.swift in Sources */,
				37073FDE2A25FC2700691F9D /* TenKeyKeyboard.swift in Sources */,
				374357782A934D9200466697 /* PadCantoneseSymblicKeyboard.swift in Sources */,
				37877D502A2B119300630F77 /* NumberPad.swift in Sources */,
				37073FEF2A26097600691F9D /* TenKeySpecialKey.swift in Sources */,
				37E9246E2A871220002D33B9 /* LeftKey.swift in Sources */,
				3743577E2A944C5200466697 /* PadStrokeInputKey.swift in Sources */,
				37E924692A86E793002D33B9 /* KeyRightExpansionPath.swift in Sources */,
			);
			runOnlyForDeploymentPostprocessing = 0;
		};
		37D7BD0E294CAADB006A6ADD /* Sources */ = {
			isa = PBXSourcesBuildPhase;
			buildActionMask = 2147483647;
			files = (
				37D7BD67294CB212006A6ADD /* FontExtensions.swift in Sources */,
				37D7BD68294CB212006A6ADD /* ViewExtensions.swift in Sources */,
				37D7BD16294CAADB006A6ADD /* JyutpingApp.swift in Sources */,
				37D7BD6D294CB323006A6ADD /* UIDevice+modelName.swift in Sources */,
				37D7BD71294CB3A2006A6ADD /* ShareSheetView.swift in Sources */,
				37D7BD6A294CB212006A6ADD /* TextExtensions.swift in Sources */,
				37D7BDB7294CB9F3006A6ADD /* HomeView.swift in Sources */,
				37D7BD84294CB500006A6ADD /* AppMaster.swift in Sources */,
				37D7BDAF294CB9F3006A6ADD /* IOSContentView.swift in Sources */,
				37D7BD69294CB212006A6ADD /* ImageExtensions.swift in Sources */,
				37D7BD5F294CB1EE006A6ADD /* Device.swift in Sources */,
				37D7BD66294CB212006A6ADD /* ColorExtensions.swift in Sources */,
			);
			runOnlyForDeploymentPostprocessing = 0;
		};
/* End PBXSourcesBuildPhase section */

/* Begin PBXTargetDependency section */
		3768B4942A00C2A10049D7C1 /* PBXTargetDependency */ = {
			isa = PBXTargetDependency;
			target = 3768B48D2A00C2A10049D7C1 /* Keyboard */;
			targetProxy = 3768B4932A00C2A10049D7C1 /* PBXContainerItemProxy */;
		};
/* End PBXTargetDependency section */

/* Begin PBXVariantGroup section */
		37D7BD48294CB032006A6ADD /* InfoPlist.strings */ = {
			isa = PBXVariantGroup;
			children = (
				37D7BD47294CB032006A6ADD /* en */,
				37D7BD4F294CB044006A6ADD /* zh-Hant-TW */,
				66983B3A2B020DAD00CD38AC /* hak */,
			);
			name = InfoPlist.strings;
			sourceTree = "<group>";
		};
		37D7BD52294CB04F006A6ADD /* Localizable.strings */ = {
			isa = PBXVariantGroup;
			children = (
				37D7BD51294CB04F006A6ADD /* en */,
				37D7BD58294CB05F006A6ADD /* zh-Hant-TW */,
				66983B3B2B020DAD00CD38AC /* hak */,
			);
			name = Localizable.strings;
			sourceTree = "<group>";
		};
		37DE329E2A028A3D0066D03A /* InfoPlist.strings */ = {
			isa = PBXVariantGroup;
			children = (
				37DE32A42A028A3D0066D03A /* en */,
				37DE32B02A028A3D0066D03A /* zh-Hant-TW */,
				66983B3C2B020DAD00CD38AC /* hak */,
			);
			name = InfoPlist.strings;
			sourceTree = "<group>";
		};
		37DE32A02A028A3D0066D03A /* Localizable.strings */ = {
			isa = PBXVariantGroup;
			children = (
				37DE32A52A028A3D0066D03A /* en */,
				37DE32B12A028A3D0066D03A /* zh-Hant-TW */,
				66983B3D2B020DAD00CD38AC /* hak */,
			);
			name = Localizable.strings;
			sourceTree = "<group>";
		};
/* End PBXVariantGroup section */

/* Begin XCBuildConfiguration section */
		3768B4962A00C2A10049D7C1 /* Debug */ = {
			isa = XCBuildConfiguration;
			buildSettings = {
				CODE_SIGN_IDENTITY = "Apple Development";
				CODE_SIGN_STYLE = Automatic;
				CURRENT_PROJECT_VERSION = 4;
				DEVELOPMENT_TEAM = "";
				GENERATE_INFOPLIST_FILE = YES;
				INFOPLIST_FILE = Keyboard/Info.plist;
				INFOPLIST_KEY_CFBundleDisplayName = Keyboard;
				INFOPLIST_KEY_NSHumanReadableCopyright = "CC0 1.0 Public Domain";
				IPHONEOS_DEPLOYMENT_TARGET = 15.0;
				LD_RUNPATH_SEARCH_PATHS = (
					"$(inherited)",
					"@executable_path/Frameworks",
					"@executable_path/../../Frameworks",
				);
				MARKETING_VERSION = 0.2.1;
				PRODUCT_BUNDLE_IDENTIFIER = tw.tauhu.Teuciin.Kienpan;
				PRODUCT_NAME = "$(TARGET_NAME)";
				PROVISIONING_PROFILE_SPECIFIER = "";
				SDKROOT = iphoneos;
				SKIP_INSTALL = YES;
				SUPPORTED_PLATFORMS = "iphoneos iphonesimulator";
				SUPPORTS_MACCATALYST = NO;
				SUPPORTS_MAC_DESIGNED_FOR_IPHONE_IPAD = YES;
				SWIFT_EMIT_LOC_STRINGS = YES;
				SWIFT_VERSION = 5.0;
				TARGETED_DEVICE_FAMILY = "1,2";
			};
			name = Debug;
		};
		3768B4972A00C2A10049D7C1 /* Release */ = {
			isa = XCBuildConfiguration;
			buildSettings = {
				CODE_SIGN_IDENTITY = "Apple Development";
				CODE_SIGN_STYLE = Automatic;
				CURRENT_PROJECT_VERSION = 4;
				DEVELOPMENT_TEAM = "";
				GENERATE_INFOPLIST_FILE = YES;
				INFOPLIST_FILE = Keyboard/Info.plist;
				INFOPLIST_KEY_CFBundleDisplayName = Keyboard;
				INFOPLIST_KEY_NSHumanReadableCopyright = "CC0 1.0 Public Domain";
				IPHONEOS_DEPLOYMENT_TARGET = 15.0;
				LD_RUNPATH_SEARCH_PATHS = (
					"$(inherited)",
					"@executable_path/Frameworks",
					"@executable_path/../../Frameworks",
				);
				MARKETING_VERSION = 0.2.1;
				PRODUCT_BUNDLE_IDENTIFIER = tw.tauhu.Teuciin.Kienpan;
				PRODUCT_NAME = "$(TARGET_NAME)";
				PROVISIONING_PROFILE_SPECIFIER = "";
				SDKROOT = iphoneos;
				SKIP_INSTALL = YES;
				SUPPORTED_PLATFORMS = "iphoneos iphonesimulator";
				SUPPORTS_MACCATALYST = NO;
				SUPPORTS_MAC_DESIGNED_FOR_IPHONE_IPAD = YES;
				SWIFT_EMIT_LOC_STRINGS = YES;
				SWIFT_VERSION = 5.0;
				TARGETED_DEVICE_FAMILY = "1,2";
				VALIDATE_PRODUCT = YES;
			};
			name = Release;
		};
		37D7BD35294CAADC006A6ADD /* Debug */ = {
			isa = XCBuildConfiguration;
			buildSettings = {
				ALWAYS_SEARCH_USER_PATHS = NO;
				ASSETCATALOG_COMPILER_GENERATE_SWIFT_ASSET_SYMBOL_EXTENSIONS = YES;
				CLANG_ANALYZER_LOCALIZABILITY_NONLOCALIZED = YES;
				CLANG_ANALYZER_NONNULL = YES;
				CLANG_ANALYZER_NUMBER_OBJECT_CONVERSION = YES_AGGRESSIVE;
				CLANG_CXX_LANGUAGE_STANDARD = "gnu++20";
				CLANG_ENABLE_MODULES = YES;
				CLANG_ENABLE_OBJC_ARC = YES;
				CLANG_ENABLE_OBJC_WEAK = YES;
				CLANG_WARN_BLOCK_CAPTURE_AUTORELEASING = YES;
				CLANG_WARN_BOOL_CONVERSION = YES;
				CLANG_WARN_COMMA = YES;
				CLANG_WARN_CONSTANT_CONVERSION = YES;
				CLANG_WARN_DEPRECATED_OBJC_IMPLEMENTATIONS = YES;
				CLANG_WARN_DIRECT_OBJC_ISA_USAGE = YES_ERROR;
				CLANG_WARN_DOCUMENTATION_COMMENTS = YES;
				CLANG_WARN_EMPTY_BODY = YES;
				CLANG_WARN_ENUM_CONVERSION = YES;
				CLANG_WARN_INFINITE_RECURSION = YES;
				CLANG_WARN_INT_CONVERSION = YES;
				CLANG_WARN_NON_LITERAL_NULL_CONVERSION = YES;
				CLANG_WARN_OBJC_IMPLICIT_RETAIN_SELF = YES;
				CLANG_WARN_OBJC_LITERAL_CONVERSION = YES;
				CLANG_WARN_OBJC_ROOT_CLASS = YES_ERROR;
				CLANG_WARN_QUOTED_INCLUDE_IN_FRAMEWORK_HEADER = YES;
				CLANG_WARN_RANGE_LOOP_ANALYSIS = YES;
				CLANG_WARN_STRICT_PROTOTYPES = YES;
				CLANG_WARN_SUSPICIOUS_MOVE = YES;
				CLANG_WARN_UNGUARDED_AVAILABILITY = YES_AGGRESSIVE;
				CLANG_WARN_UNREACHABLE_CODE = YES;
				CLANG_WARN__DUPLICATE_METHOD_MATCH = YES;
				COPY_PHASE_STRIP = NO;
				DEAD_CODE_STRIPPING = YES;
				DEBUG_INFORMATION_FORMAT = dwarf;
				ENABLE_HARDENED_RUNTIME = YES;
				ENABLE_STRICT_OBJC_MSGSEND = YES;
				ENABLE_TESTABILITY = YES;
				ENABLE_USER_SCRIPT_SANDBOXING = YES;
				GCC_C_LANGUAGE_STANDARD = gnu11;
				GCC_DYNAMIC_NO_PIC = NO;
				GCC_NO_COMMON_BLOCKS = YES;
				GCC_OPTIMIZATION_LEVEL = 0;
				GCC_PREPROCESSOR_DEFINITIONS = (
					"DEBUG=1",
					"$(inherited)",
				);
				GCC_WARN_64_TO_32_BIT_CONVERSION = YES;
				GCC_WARN_ABOUT_RETURN_TYPE = YES_ERROR;
				GCC_WARN_UNDECLARED_SELECTOR = YES;
				GCC_WARN_UNINITIALIZED_AUTOS = YES_AGGRESSIVE;
				GCC_WARN_UNUSED_FUNCTION = YES;
				GCC_WARN_UNUSED_VARIABLE = YES;
				MTL_ENABLE_DEBUG_INFO = INCLUDE_SOURCE;
				MTL_FAST_MATH = YES;
				ONLY_ACTIVE_ARCH = YES;
				SDKROOT = iphoneos;
				SUPPORTED_PLATFORMS = "iphonesimulator iphoneos";
				SWIFT_ACTIVE_COMPILATION_CONDITIONS = DEBUG;
				SWIFT_OPTIMIZATION_LEVEL = "-Onone";
			};
			name = Debug;
		};
		37D7BD36294CAADC006A6ADD /* Release */ = {
			isa = XCBuildConfiguration;
			buildSettings = {
				ALWAYS_SEARCH_USER_PATHS = NO;
				ASSETCATALOG_COMPILER_GENERATE_SWIFT_ASSET_SYMBOL_EXTENSIONS = YES;
				CLANG_ANALYZER_LOCALIZABILITY_NONLOCALIZED = YES;
				CLANG_ANALYZER_NONNULL = YES;
				CLANG_ANALYZER_NUMBER_OBJECT_CONVERSION = YES_AGGRESSIVE;
				CLANG_CXX_LANGUAGE_STANDARD = "gnu++20";
				CLANG_ENABLE_MODULES = YES;
				CLANG_ENABLE_OBJC_ARC = YES;
				CLANG_ENABLE_OBJC_WEAK = YES;
				CLANG_WARN_BLOCK_CAPTURE_AUTORELEASING = YES;
				CLANG_WARN_BOOL_CONVERSION = YES;
				CLANG_WARN_COMMA = YES;
				CLANG_WARN_CONSTANT_CONVERSION = YES;
				CLANG_WARN_DEPRECATED_OBJC_IMPLEMENTATIONS = YES;
				CLANG_WARN_DIRECT_OBJC_ISA_USAGE = YES_ERROR;
				CLANG_WARN_DOCUMENTATION_COMMENTS = YES;
				CLANG_WARN_EMPTY_BODY = YES;
				CLANG_WARN_ENUM_CONVERSION = YES;
				CLANG_WARN_INFINITE_RECURSION = YES;
				CLANG_WARN_INT_CONVERSION = YES;
				CLANG_WARN_NON_LITERAL_NULL_CONVERSION = YES;
				CLANG_WARN_OBJC_IMPLICIT_RETAIN_SELF = YES;
				CLANG_WARN_OBJC_LITERAL_CONVERSION = YES;
				CLANG_WARN_OBJC_ROOT_CLASS = YES_ERROR;
				CLANG_WARN_QUOTED_INCLUDE_IN_FRAMEWORK_HEADER = YES;
				CLANG_WARN_RANGE_LOOP_ANALYSIS = YES;
				CLANG_WARN_STRICT_PROTOTYPES = YES;
				CLANG_WARN_SUSPICIOUS_MOVE = YES;
				CLANG_WARN_UNGUARDED_AVAILABILITY = YES_AGGRESSIVE;
				CLANG_WARN_UNREACHABLE_CODE = YES;
				CLANG_WARN__DUPLICATE_METHOD_MATCH = YES;
				COPY_PHASE_STRIP = NO;
				DEAD_CODE_STRIPPING = YES;
				DEBUG_INFORMATION_FORMAT = "dwarf-with-dsym";
				ENABLE_HARDENED_RUNTIME = YES;
				ENABLE_NS_ASSERTIONS = NO;
				ENABLE_STRICT_OBJC_MSGSEND = YES;
				ENABLE_USER_SCRIPT_SANDBOXING = YES;
				GCC_C_LANGUAGE_STANDARD = gnu11;
				GCC_NO_COMMON_BLOCKS = YES;
				GCC_WARN_64_TO_32_BIT_CONVERSION = YES;
				GCC_WARN_ABOUT_RETURN_TYPE = YES_ERROR;
				GCC_WARN_UNDECLARED_SELECTOR = YES;
				GCC_WARN_UNINITIALIZED_AUTOS = YES_AGGRESSIVE;
				GCC_WARN_UNUSED_FUNCTION = YES;
				GCC_WARN_UNUSED_VARIABLE = YES;
				MTL_ENABLE_DEBUG_INFO = NO;
				MTL_FAST_MATH = YES;
				SDKROOT = iphoneos;
				SUPPORTED_PLATFORMS = "iphonesimulator iphoneos";
				SWIFT_COMPILATION_MODE = wholemodule;
				SWIFT_OPTIMIZATION_LEVEL = "-O";
			};
			name = Release;
		};
		37D7BD38294CAADC006A6ADD /* Debug */ = {
			isa = XCBuildConfiguration;
			buildSettings = {
				ALWAYS_EMBED_SWIFT_STANDARD_LIBRARIES = YES;
				ASSETCATALOG_COMPILER_APPICON_NAME = AppIcon;
				ASSETCATALOG_COMPILER_GLOBAL_ACCENT_COLOR_NAME = AccentColor;
				CODE_SIGN_ENTITLEMENTS = Jyutping/Jyutping.entitlements;
				"CODE_SIGN_IDENTITY[sdk=macosx*]" = "-";
				CODE_SIGN_STYLE = Automatic;
				CURRENT_PROJECT_VERSION = 4;
				DEAD_CODE_STRIPPING = YES;
				DEVELOPMENT_ASSET_PATHS = "\"Jyutping/Preview Content\"";
				DEVELOPMENT_TEAM = "";
				ENABLE_PREVIEWS = YES;
				GENERATE_INFOPLIST_FILE = YES;
				INFOPLIST_FILE = Jyutping/Info.plist;
				INFOPLIST_KEY_CFBundleDisplayName = "頭陣 Teuciin";
				INFOPLIST_KEY_LSApplicationCategoryType = "public.app-category.utilities";
				INFOPLIST_KEY_NSHumanReadableCopyright = "CC0 1.0 Public Domain";
				"INFOPLIST_KEY_UIApplicationSceneManifest_Generation[sdk=iphoneos*]" = YES;
				"INFOPLIST_KEY_UIApplicationSceneManifest_Generation[sdk=iphonesimulator*]" = YES;
				"INFOPLIST_KEY_UIApplicationSupportsIndirectInputEvents[sdk=iphoneos*]" = YES;
				"INFOPLIST_KEY_UIApplicationSupportsIndirectInputEvents[sdk=iphonesimulator*]" = YES;
				"INFOPLIST_KEY_UILaunchScreen_Generation[sdk=iphoneos*]" = YES;
				"INFOPLIST_KEY_UILaunchScreen_Generation[sdk=iphonesimulator*]" = YES;
				"INFOPLIST_KEY_UIStatusBarStyle[sdk=iphoneos*]" = UIStatusBarStyleDefault;
				"INFOPLIST_KEY_UIStatusBarStyle[sdk=iphonesimulator*]" = UIStatusBarStyleDefault;
				INFOPLIST_KEY_UISupportedInterfaceOrientations = "UIInterfaceOrientationLandscapeLeft UIInterfaceOrientationLandscapeRight UIInterfaceOrientationPortrait UIInterfaceOrientationPortraitUpsideDown";
				IPHONEOS_DEPLOYMENT_TARGET = 15.0;
				LD_RUNPATH_SEARCH_PATHS = "@executable_path/Frameworks";
				"LD_RUNPATH_SEARCH_PATHS[sdk=macosx*]" = "@executable_path/../Frameworks";
				MACOSX_DEPLOYMENT_TARGET = 12.0;
				MARKETING_VERSION = 0.2.1;
				PRODUCT_BUNDLE_IDENTIFIER = tw.tauhu.Teuciin;
				PRODUCT_NAME = "$(TARGET_NAME)";
				SDKROOT = auto;
				SUPPORTED_PLATFORMS = "iphoneos iphonesimulator";
				SUPPORTS_MACCATALYST = NO;
				SUPPORTS_MAC_DESIGNED_FOR_IPHONE_IPAD = YES;
				SWIFT_EMIT_LOC_STRINGS = YES;
				SWIFT_VERSION = 5.0;
				TARGETED_DEVICE_FAMILY = "1,2";
			};
			name = Debug;
		};
		37D7BD39294CAADC006A6ADD /* Release */ = {
			isa = XCBuildConfiguration;
			buildSettings = {
				ALWAYS_EMBED_SWIFT_STANDARD_LIBRARIES = YES;
				ASSETCATALOG_COMPILER_APPICON_NAME = AppIcon;
				ASSETCATALOG_COMPILER_GLOBAL_ACCENT_COLOR_NAME = AccentColor;
				CODE_SIGN_ENTITLEMENTS = Jyutping/Jyutping.entitlements;
				"CODE_SIGN_IDENTITY[sdk=macosx*]" = "-";
				CODE_SIGN_STYLE = Automatic;
				CURRENT_PROJECT_VERSION = 4;
				DEAD_CODE_STRIPPING = YES;
				DEVELOPMENT_ASSET_PATHS = "\"Jyutping/Preview Content\"";
				DEVELOPMENT_TEAM = "";
				ENABLE_PREVIEWS = YES;
				GENERATE_INFOPLIST_FILE = YES;
				INFOPLIST_FILE = Jyutping/Info.plist;
				INFOPLIST_KEY_CFBundleDisplayName = "頭陣 Teuciin";
				INFOPLIST_KEY_LSApplicationCategoryType = "public.app-category.utilities";
				INFOPLIST_KEY_NSHumanReadableCopyright = "CC0 1.0 Public Domain";
				"INFOPLIST_KEY_UIApplicationSceneManifest_Generation[sdk=iphoneos*]" = YES;
				"INFOPLIST_KEY_UIApplicationSceneManifest_Generation[sdk=iphonesimulator*]" = YES;
				"INFOPLIST_KEY_UIApplicationSupportsIndirectInputEvents[sdk=iphoneos*]" = YES;
				"INFOPLIST_KEY_UIApplicationSupportsIndirectInputEvents[sdk=iphonesimulator*]" = YES;
				"INFOPLIST_KEY_UILaunchScreen_Generation[sdk=iphoneos*]" = YES;
				"INFOPLIST_KEY_UILaunchScreen_Generation[sdk=iphonesimulator*]" = YES;
				"INFOPLIST_KEY_UIStatusBarStyle[sdk=iphoneos*]" = UIStatusBarStyleDefault;
				"INFOPLIST_KEY_UIStatusBarStyle[sdk=iphonesimulator*]" = UIStatusBarStyleDefault;
				INFOPLIST_KEY_UISupportedInterfaceOrientations = "UIInterfaceOrientationLandscapeLeft UIInterfaceOrientationLandscapeRight UIInterfaceOrientationPortrait UIInterfaceOrientationPortraitUpsideDown";
				IPHONEOS_DEPLOYMENT_TARGET = 15.0;
				LD_RUNPATH_SEARCH_PATHS = "@executable_path/Frameworks";
				"LD_RUNPATH_SEARCH_PATHS[sdk=macosx*]" = "@executable_path/../Frameworks";
				MACOSX_DEPLOYMENT_TARGET = 12.0;
				MARKETING_VERSION = 0.2.1;
				PRODUCT_BUNDLE_IDENTIFIER = tw.tauhu.Teuciin;
				PRODUCT_NAME = "$(TARGET_NAME)";
				SDKROOT = auto;
				SUPPORTED_PLATFORMS = "iphoneos iphonesimulator";
				SUPPORTS_MACCATALYST = NO;
				SUPPORTS_MAC_DESIGNED_FOR_IPHONE_IPAD = YES;
				SWIFT_EMIT_LOC_STRINGS = YES;
				SWIFT_VERSION = 5.0;
				TARGETED_DEVICE_FAMILY = "1,2";
			};
			name = Release;
		};
/* End XCBuildConfiguration section */

/* Begin XCConfigurationList section */
		3768B4982A00C2A10049D7C1 /* Build configuration list for PBXNativeTarget "Keyboard" */ = {
			isa = XCConfigurationList;
			buildConfigurations = (
				3768B4962A00C2A10049D7C1 /* Debug */,
				3768B4972A00C2A10049D7C1 /* Release */,
			);
			defaultConfigurationIsVisible = 0;
			defaultConfigurationName = Release;
		};
		37D7BD0D294CAADB006A6ADD /* Build configuration list for PBXProject "Jyutping" */ = {
			isa = XCConfigurationList;
			buildConfigurations = (
				37D7BD35294CAADC006A6ADD /* Debug */,
				37D7BD36294CAADC006A6ADD /* Release */,
			);
			defaultConfigurationIsVisible = 0;
			defaultConfigurationName = Release;
		};
		37D7BD37294CAADC006A6ADD /* Build configuration list for PBXNativeTarget "Jyutping" */ = {
			isa = XCConfigurationList;
			buildConfigurations = (
				37D7BD38294CAADC006A6ADD /* Debug */,
				37D7BD39294CAADC006A6ADD /* Release */,
			);
			defaultConfigurationIsVisible = 0;
			defaultConfigurationName = Release;
		};
/* End XCConfigurationList section */

/* Begin XCSwiftPackageProductDependency section */
		37D7BDBF294CC9DA006A6ADD /* Materials */ = {
			isa = XCSwiftPackageProductDependency;
			productName = Materials;
		};
		37D7BDC2294CCAD8006A6ADD /* CommonExtensions */ = {
			isa = XCSwiftPackageProductDependency;
			productName = CommonExtensions;
		};
		37DE32932A022DF80066D03A /* CoreIME */ = {
			isa = XCSwiftPackageProductDependency;
			productName = CoreIME;
		};
		37DE32952A022DFC0066D03A /* CommonExtensions */ = {
			isa = XCSwiftPackageProductDependency;
			productName = CommonExtensions;
		};
/* End XCSwiftPackageProductDependency section */
	};
	rootObject = 37D7BD0A294CAADB006A6ADD /* Project object */;
}
